// !$*UTF8*$!
{
	archiveVersion = 1;
	classes = {
	};
	objectVersion = 46;
	objects = {

/* Begin PBXBuildFile section */
		155ACA99C8C725D7F85DE099E556EF6F /* GTMOAuth2SignIn.m in Sources */ = {isa = PBXBuildFile; fileRef = 2AE53A73DA21563B6892776B6C0020C1 /* GTMOAuth2SignIn.m */; settings = {COMPILER_FLAGS = "-fno-objc-arc"; }; };
		19C49EF0A0073EADDDF6015056D937F1 /* GTMSessionUploadFetcher.h in Headers */ = {isa = PBXBuildFile; fileRef = 82235EFB0424309D9F116A72D033BC96 /* GTMSessionUploadFetcher.h */; settings = {ATTRIBUTES = (Public, ); }; };
		1AC3A7DCA9C92EBFD584425922064C43 /* GTMGatherInputStream.h in Headers */ = {isa = PBXBuildFile; fileRef = 13002A75E8E0691DF203B8C8B8F20221 /* GTMGatherInputStream.h */; settings = {ATTRIBUTES = (Public, ); }; };
		1B1CB8A4BF53D86E55DE62E676F72829 /* GTMSessionFetcherLogging.m in Sources */ = {isa = PBXBuildFile; fileRef = EF12F3A4C6FDE0BF8EB5787094142F8D /* GTMSessionFetcherLogging.m */; };
		226B1BFF4E3FC473A1C88F2CFD77C9AF /* GTMDebugThreadValidation.h in Headers */ = {isa = PBXBuildFile; fileRef = 82808E283FBA44DEF9C327B69350F1E5 /* GTMDebugThreadValidation.h */; settings = {ATTRIBUTES = (Public, ); }; };
		26BE741AD59EF185570AC9C853F44FAD /* GTMNSData+zlib.h in Headers */ = {isa = PBXBuildFile; fileRef = 58CB6B9A0341D1D9CDD42E20C2F5BD4F /* GTMNSData+zlib.h */; settings = {ATTRIBUTES = (Public, ); }; };
		301D2F9DF8760DCBEDAD6F657998E7AC /* GTMOAuth2ViewControllerTouch.h in Headers */ = {isa = PBXBuildFile; fileRef = A29944E36E7AA6A9453496EDE9CE790C /* GTMOAuth2ViewControllerTouch.h */; settings = {ATTRIBUTES = (Public, ); }; };
		3328D6AA0A6DD5371B63ECAD18718F3F /* GoogleToolboxForMac-dummy.m in Sources */ = {isa = PBXBuildFile; fileRef = EFE22D7997BB0675064235171F19E834 /* GoogleToolboxForMac-dummy.m */; };
		355F305D064ECF52F4B13BDEADD7A7D4 /* Foundation.framework in Frameworks */ = {isa = PBXBuildFile; fileRef = E00124D7C370635B2803AE5497289733 /* Foundation.framework */; };
		38929367A51AC49F655CCC61CBF5BA67 /* GTMSessionFetcherService.h in Headers */ = {isa = PBXBuildFile; fileRef = 2EE723FD5E245EDC5041384D5849616E /* GTMSessionFetcherService.h */; settings = {ATTRIBUTES = (Public, ); }; };
		476D901118FCE3506AF5ECEFC743403B /* GTMDebugSelectorValidation.h in Headers */ = {isa = PBXBuildFile; fileRef = 3B3DA499C216F9AFBEB3FA83622BD6B1 /* GTMDebugSelectorValidation.h */; settings = {ATTRIBUTES = (Public, ); }; };
		49524DD7C80C2A517F6A1352B67A44E8 /* GTMNSString+URLArguments.m in Sources */ = {isa = PBXBuildFile; fileRef = 09A605DB9DF55B1EF0ACC375AFF49DBB /* GTMNSString+URLArguments.m */; settings = {COMPILER_FLAGS = "-fno-objc-arc"; }; };
		5DAD592E2A834ED340A8C92C45F1EF35 /* Security.framework in Frameworks */ = {isa = PBXBuildFile; fileRef = 5A40B268B9A3BC70C007A11225285556 /* Security.framework */; };
		5E255A5B5203BE00C7B9E4D2E0D3BDC7 /* GTMMethodCheck.h in Headers */ = {isa = PBXBuildFile; fileRef = 8A7F4FB06E9DE7D423EB916CA13D7797 /* GTMMethodCheck.h */; settings = {ATTRIBUTES = (Public, ); }; };
		679DEE6C786F2E1DC042EC97B4104D6E /* GTMSessionFetcher.m in Sources */ = {isa = PBXBuildFile; fileRef = 33F3727A41336B3608D28C442E8C3D64 /* GTMSessionFetcher.m */; };
		691B31E95BA81C24FD1F76BFFCB3032C /* GTMOAuth2-dummy.m in Sources */ = {isa = PBXBuildFile; fileRef = F805C4DF51E05FDCD14F66B0D1E462C2 /* GTMOAuth2-dummy.m */; };
		692BCB860B95E0B4EC416CEF1ED9721C /* GTMSessionFetcher.h in Headers */ = {isa = PBXBuildFile; fileRef = E4156ADCD1E0891B170732DB4B07ADDD /* GTMSessionFetcher.h */; settings = {ATTRIBUTES = (Public, ); }; };
		6C262944569C29D04DFA3C5F21494AAB /* GTMNSDictionary+URLArguments.h in Headers */ = {isa = PBXBuildFile; fileRef = 315AD928CF975B2A65B9C8D84D570C02 /* GTMNSDictionary+URLArguments.h */; settings = {ATTRIBUTES = (Public, ); }; };
		7C8B5AB9027596C699D16C4AAF27E068 /* GTMOAuth2SignIn.h in Headers */ = {isa = PBXBuildFile; fileRef = 9A50A9794A96FA7C6E363B95F08EB2BE /* GTMOAuth2SignIn.h */; settings = {ATTRIBUTES = (Public, ); }; };
		87282E68E7EE899DEB5311199ADDD8A1 /* GTMMIMEDocument.h in Headers */ = {isa = PBXBuildFile; fileRef = 991834B56F9782B70088F13FF704EC0F /* GTMMIMEDocument.h */; settings = {ATTRIBUTES = (Public, ); }; };
		970D73BC3388035F0C2890257B79FF6C /* GTMMIMEDocument.m in Sources */ = {isa = PBXBuildFile; fileRef = 8ACE4D086F76FB25508A7041005756F4 /* GTMMIMEDocument.m */; };
		9EC3208101C0A4CE8E374B61F787355B /* GTMNSDictionary+URLArguments.m in Sources */ = {isa = PBXBuildFile; fileRef = C504FBDC4BAD42DDEBF1013C5A0260B7 /* GTMNSDictionary+URLArguments.m */; settings = {COMPILER_FLAGS = "-DOS_OBJECT_USE_OBJC=0"; }; };
		A46AF96BFE3E00583C3C2AB6C1322D7B /* GTMDefines.h in Headers */ = {isa = PBXBuildFile; fileRef = 6838D389ED005FBB79F341F29F0C22CA /* GTMDefines.h */; settings = {ATTRIBUTES = (Public, ); }; };
		BA55A97ED52D42FF75F7367055818858 /* GTMSessionFetcherLogging.h in Headers */ = {isa = PBXBuildFile; fileRef = 22337AA3FD5EF0F228CB161CECE4DFFB /* GTMSessionFetcherLogging.h */; settings = {ATTRIBUTES = (Public, ); }; };
		C1410A8EBEDAB46576CFE6813953963C /* GTMReadMonitorInputStream.h in Headers */ = {isa = PBXBuildFile; fileRef = 75BA6A14250CF9776A0622F18D1383F0 /* GTMReadMonitorInputStream.h */; settings = {ATTRIBUTES = (Public, ); }; };
		C3AFE69943E1C9E8C12A05987B9CFE6F /* GTMSessionFetcher-dummy.m in Sources */ = {isa = PBXBuildFile; fileRef = 2FD6A83A52E392003C57E19236CE5EC0 /* GTMSessionFetcher-dummy.m */; };
		C6E16FFE028E1F409BACAB194A1EEB2D /* GTMGatherInputStream.m in Sources */ = {isa = PBXBuildFile; fileRef = 24AC6C3D766194F0E9C0FFD6E362F8EE /* GTMGatherInputStream.m */; };
		C71C56DBD18AFD8913227CFD8485D77A /* GTMOAuth2ViewControllerTouch.m in Sources */ = {isa = PBXBuildFile; fileRef = 9A8B1515539D2B49A8330C9B3311061D /* GTMOAuth2ViewControllerTouch.m */; settings = {COMPILER_FLAGS = "-fno-objc-arc"; }; };
		C936F7E755C7582CDF05E3A54D82FF3A /* SystemConfiguration.framework in Frameworks */ = {isa = PBXBuildFile; fileRef = 8491D7F336E77094A79E08FCEBD36250 /* SystemConfiguration.framework */; };
		CD438959D560E5CF5F0C6DE96BE93E84 /* Pods-MY TUTOR-dummy.m in Sources */ = {isa = PBXBuildFile; fileRef = 414E1596C6C1A8088C23842878FD050C /* Pods-MY TUTOR-dummy.m */; };
		D13D2E45265AB96446FD2EAEC1FF6DB0 /* Foundation.framework in Frameworks */ = {isa = PBXBuildFile; fileRef = E00124D7C370635B2803AE5497289733 /* Foundation.framework */; };
		D3E8AC41EFF225F77C2ED8DA8A309674 /* GTMOAuth2Authentication.m in Sources */ = {isa = PBXBuildFile; fileRef = 87C78CCF2767B6E5DD9F0AEDF5447DBC /* GTMOAuth2Authentication.m */; settings = {COMPILER_FLAGS = "-fno-objc-arc"; }; };
		DDA92FB1B5D58FCD923589FE2FDD95C2 /* GTMSessionUploadFetcher.m in Sources */ = {isa = PBXBuildFile; fileRef = F237E554F95CD99AEA9770CB812112CE /* GTMSessionUploadFetcher.m */; };
		E398B7C7D829520DAE5D0E404FFC44CD /* GTMReadMonitorInputStream.m in Sources */ = {isa = PBXBuildFile; fileRef = 5F52288559D5451234FFB5F6DA3D292D /* GTMReadMonitorInputStream.m */; };
		E48BFAB1AAF7FA9B23BB080F8FFE9A71 /* Security.framework in Frameworks */ = {isa = PBXBuildFile; fileRef = 5A40B268B9A3BC70C007A11225285556 /* Security.framework */; };
		E7D17142AD2D0FD4562067389B4D0AA8 /* GTMOAuth2Authentication.h in Headers */ = {isa = PBXBuildFile; fileRef = 2B8ACC0EAB9A04338EEEE5765F7575CB /* GTMOAuth2Authentication.h */; settings = {ATTRIBUTES = (Public, ); }; };
		E84DEF53F8F01BAF747EB387654EC0AC /* GTMNSString+URLArguments.h in Headers */ = {isa = PBXBuildFile; fileRef = A830C3DF8601605A05CD73C77F1037EE /* GTMNSString+URLArguments.h */; settings = {ATTRIBUTES = (Public, ); }; };
		EA6CB4E675A814AA444156ABC5A02D78 /* GTMSessionFetcherService.m in Sources */ = {isa = PBXBuildFile; fileRef = BF7F5DC558AB088DD9FD899C193162BB /* GTMSessionFetcherService.m */; };
		EF7722D72FCA3A27E05EC9D4A716D5FD /* GTMNSData+zlib.m in Sources */ = {isa = PBXBuildFile; fileRef = 3BD10F2BAD5F1C6F9BAC02C0EC2062D0 /* GTMNSData+zlib.m */; settings = {COMPILER_FLAGS = "-DOS_OBJECT_USE_OBJC=0"; }; };
		F3E52D15A9281048029F0220E4A7191E /* Foundation.framework in Frameworks */ = {isa = PBXBuildFile; fileRef = E00124D7C370635B2803AE5497289733 /* Foundation.framework */; };
		F3E77AA87F046EA6488343E942699FC2 /* Foundation.framework in Frameworks */ = {isa = PBXBuildFile; fileRef = E00124D7C370635B2803AE5497289733 /* Foundation.framework */; };
/* End PBXBuildFile section */

/* Begin PBXContainerItemProxy section */
		5D6F3F0B377CAFFF5A1C354E0E9645DC /* PBXContainerItemProxy */ = {
			isa = PBXContainerItemProxy;
			containerPortal = D41D8CD98F00B204E9800998ECF8427E /* Project object */;
			proxyType = 1;
			remoteGlobalIDString = 58E7450DB13C5ECCE92D3C0DF7CF0903;
			remoteInfo = GoogleToolboxForMac;
		};
		6E8040B9FA260C20D484790DE7F8F154 /* PBXContainerItemProxy */ = {
			isa = PBXContainerItemProxy;
			containerPortal = D41D8CD98F00B204E9800998ECF8427E /* Project object */;
			proxyType = 1;
			remoteGlobalIDString = EAE45C123C22F83F258F201FDFBA835E;
			remoteInfo = GTMOAuth2;
		};
		C80557D1F45190227852281DC4FCA4A8 /* PBXContainerItemProxy */ = {
			isa = PBXContainerItemProxy;
			containerPortal = D41D8CD98F00B204E9800998ECF8427E /* Project object */;
			proxyType = 1;
			remoteGlobalIDString = 58885A79D8F2FE6A57DF1D65A1A33E7E;
			remoteInfo = GTMSessionFetcher;
		};
		FC800871FCCC6AC43FA7F0F6BA59A3EC /* PBXContainerItemProxy */ = {
			isa = PBXContainerItemProxy;
			containerPortal = D41D8CD98F00B204E9800998ECF8427E /* Project object */;
			proxyType = 1;
			remoteGlobalIDString = 58885A79D8F2FE6A57DF1D65A1A33E7E;
			remoteInfo = GTMSessionFetcher;
		};
/* End PBXContainerItemProxy section */

/* Begin PBXFileReference section */
		0450E8073A6AB5942F953A8A9B1B3221 /* FirebaseCore.framework */ = {isa = PBXFileReference; lastKnownFileType = wrapper.framework; name = FirebaseCore.framework; path = Frameworks/frameworks/FirebaseCore.framework; sourceTree = "<group>"; };
		04A5FEB00149C28C231A5C2939496BB5 /* GoogleToolboxForMac-prefix.pch */ = {isa = PBXFileReference; includeInIndex = 1; lastKnownFileType = sourcecode.c.h; path = "GoogleToolboxForMac-prefix.pch"; sourceTree = "<group>"; };
		0603CF26D499BCCADE7C4B9B10051FCA /* GTMOAuth2ViewTouch.xib */ = {isa = PBXFileReference; includeInIndex = 1; lastKnownFileType = file.xib; name = GTMOAuth2ViewTouch.xib; path = Source/Touch/GTMOAuth2ViewTouch.xib; sourceTree = "<group>"; };
		084ACC15DE6DC9747719DA60E044F54A /* GTMOAuth2.xcconfig */ = {isa = PBXFileReference; includeInIndex = 1; lastKnownFileType = text.xcconfig; path = GTMOAuth2.xcconfig; sourceTree = "<group>"; };
		09A605DB9DF55B1EF0ACC375AFF49DBB /* GTMNSString+URLArguments.m */ = {isa = PBXFileReference; includeInIndex = 1; lastKnownFileType = sourcecode.c.objc; name = "GTMNSString+URLArguments.m"; path = "Foundation/GTMNSString+URLArguments.m"; sourceTree = "<group>"; };
		13002A75E8E0691DF203B8C8B8F20221 /* GTMGatherInputStream.h */ = {isa = PBXFileReference; includeInIndex = 1; lastKnownFileType = sourcecode.c.h; name = GTMGatherInputStream.h; path = Source/GTMGatherInputStream.h; sourceTree = "<group>"; };
		13B64138DD4DE7D473C70ABBE14A852F /* GoogleAppUtilities.framework */ = {isa = PBXFileReference; lastKnownFileType = wrapper.framework; name = GoogleAppUtilities.framework; path = Frameworks/frameworks/GoogleAppUtilities.framework; sourceTree = "<group>"; };
		1989254B83A00F57265802BF9C26122C /* SignIn.h */ = {isa = PBXFileReference; includeInIndex = 1; lastKnownFileType = sourcecode.c.h; name = SignIn.h; path = Headers/SignIn.h; sourceTree = "<group>"; };
		1C5A88CADC8F2A3226E92F4FD8476A64 /* GGLCore.framework */ = {isa = PBXFileReference; lastKnownFileType = wrapper.framework; name = GGLCore.framework; path = Frameworks/GGLCore.framework; sourceTree = "<group>"; };
		20777D8658155377142CB59FAC91C9EC /* Pods-MY TUTOR-acknowledgements.plist */ = {isa = PBXFileReference; includeInIndex = 1; lastKnownFileType = text.plist.xml; path = "Pods-MY TUTOR-acknowledgements.plist"; sourceTree = "<group>"; };
		22337AA3FD5EF0F228CB161CECE4DFFB /* GTMSessionFetcherLogging.h */ = {isa = PBXFileReference; includeInIndex = 1; lastKnownFileType = sourcecode.c.h; name = GTMSessionFetcherLogging.h; path = Source/GTMSessionFetcherLogging.h; sourceTree = "<group>"; };
		23894639BE922B4CD1FEC68D3BD65AEA /* GoogleSymbolUtilities.framework */ = {isa = PBXFileReference; lastKnownFileType = wrapper.framework; name = GoogleSymbolUtilities.framework; path = Frameworks/frameworks/GoogleSymbolUtilities.framework; sourceTree = "<group>"; };
		24AC6C3D766194F0E9C0FFD6E362F8EE /* GTMGatherInputStream.m */ = {isa = PBXFileReference; includeInIndex = 1; lastKnownFileType = sourcecode.c.objc; name = GTMGatherInputStream.m; path = Source/GTMGatherInputStream.m; sourceTree = "<group>"; };
		28269972AC93B6425BA5CE911FE3B0A3 /* FirebaseAuth.framework */ = {isa = PBXFileReference; lastKnownFileType = wrapper.framework; name = FirebaseAuth.framework; path = Frameworks/frameworks/FirebaseAuth.framework; sourceTree = "<group>"; };
		29CE100260AC4D3B5EA8CBBD8406A7DA /* SignIn-Module.h */ = {isa = PBXFileReference; includeInIndex = 1; lastKnownFileType = sourcecode.c.h; name = "SignIn-Module.h"; path = "Headers/ModuleHeaders/SignIn-Module.h"; sourceTree = "<group>"; };
		2AE53A73DA21563B6892776B6C0020C1 /* GTMOAuth2SignIn.m */ = {isa = PBXFileReference; includeInIndex = 1; lastKnownFileType = sourcecode.c.objc; name = GTMOAuth2SignIn.m; path = Source/GTMOAuth2SignIn.m; sourceTree = "<group>"; };
		2B8ACC0EAB9A04338EEEE5765F7575CB /* GTMOAuth2Authentication.h */ = {isa = PBXFileReference; includeInIndex = 1; lastKnownFileType = sourcecode.c.h; name = GTMOAuth2Authentication.h; path = Source/GTMOAuth2Authentication.h; sourceTree = "<group>"; };
		2EE723FD5E245EDC5041384D5849616E /* GTMSessionFetcherService.h */ = {isa = PBXFileReference; includeInIndex = 1; lastKnownFileType = sourcecode.c.h; name = GTMSessionFetcherService.h; path = Source/GTMSessionFetcherService.h; sourceTree = "<group>"; };
		2FD6A83A52E392003C57E19236CE5EC0 /* GTMSessionFetcher-dummy.m */ = {isa = PBXFileReference; includeInIndex = 1; lastKnownFileType = sourcecode.c.objc; path = "GTMSessionFetcher-dummy.m"; sourceTree = "<group>"; };
		31389C4BD98FAF62F64E24EB3691566C /* Pods-MY TUTOR-resources.sh */ = {isa = PBXFileReference; includeInIndex = 1; lastKnownFileType = text.script.sh; path = "Pods-MY TUTOR-resources.sh"; sourceTree = "<group>"; };
		315AD928CF975B2A65B9C8D84D570C02 /* GTMNSDictionary+URLArguments.h */ = {isa = PBXFileReference; includeInIndex = 1; lastKnownFileType = sourcecode.c.h; name = "GTMNSDictionary+URLArguments.h"; path = "Foundation/GTMNSDictionary+URLArguments.h"; sourceTree = "<group>"; };
		33F3727A41336B3608D28C442E8C3D64 /* GTMSessionFetcher.m */ = {isa = PBXFileReference; includeInIndex = 1; lastKnownFileType = sourcecode.c.objc; name = GTMSessionFetcher.m; path = Source/GTMSessionFetcher.m; sourceTree = "<group>"; };
		3B3DA499C216F9AFBEB3FA83622BD6B1 /* GTMDebugSelectorValidation.h */ = {isa = PBXFileReference; includeInIndex = 1; lastKnownFileType = sourcecode.c.h; name = GTMDebugSelectorValidation.h; path = DebugUtils/GTMDebugSelectorValidation.h; sourceTree = "<group>"; };
		3BD10F2BAD5F1C6F9BAC02C0EC2062D0 /* GTMNSData+zlib.m */ = {isa = PBXFileReference; includeInIndex = 1; lastKnownFileType = sourcecode.c.objc; name = "GTMNSData+zlib.m"; path = "Foundation/GTMNSData+zlib.m"; sourceTree = "<group>"; };
		414E1596C6C1A8088C23842878FD050C /* Pods-MY TUTOR-dummy.m */ = {isa = PBXFileReference; includeInIndex = 1; lastKnownFileType = sourcecode.c.objc; path = "Pods-MY TUTOR-dummy.m"; sourceTree = "<group>"; };
		58CB6B9A0341D1D9CDD42E20C2F5BD4F /* GTMNSData+zlib.h */ = {isa = PBXFileReference; includeInIndex = 1; lastKnownFileType = sourcecode.c.h; name = "GTMNSData+zlib.h"; path = "Foundation/GTMNSData+zlib.h"; sourceTree = "<group>"; };
		5A40B268B9A3BC70C007A11225285556 /* Security.framework */ = {isa = PBXFileReference; lastKnownFileType = wrapper.framework; name = Security.framework; path = Platforms/iPhoneOS.platform/Developer/SDKs/iPhoneOS10.0.sdk/System/Library/Frameworks/Security.framework; sourceTree = DEVELOPER_DIR; };
		5F52288559D5451234FFB5F6DA3D292D /* GTMReadMonitorInputStream.m */ = {isa = PBXFileReference; includeInIndex = 1; lastKnownFileType = sourcecode.c.objc; name = GTMReadMonitorInputStream.m; path = Source/GTMReadMonitorInputStream.m; sourceTree = "<group>"; };
		643F31BCFCAE93F02E2D9A67585FA69D /* GTMSessionFetcher.xcconfig */ = {isa = PBXFileReference; includeInIndex = 1; lastKnownFileType = text.xcconfig; path = GTMSessionFetcher.xcconfig; sourceTree = "<group>"; };
		64DEC29C8B42E5CFBC1B76B4E3DEC2D9 /* GoogleSignIn.framework */ = {isa = PBXFileReference; lastKnownFileType = wrapper.framework; name = GoogleSignIn.framework; path = Frameworks/GoogleSignIn.framework; sourceTree = "<group>"; };
		6838D389ED005FBB79F341F29F0C22CA /* GTMDefines.h */ = {isa = PBXFileReference; includeInIndex = 1; lastKnownFileType = sourcecode.c.h; path = GTMDefines.h; sourceTree = "<group>"; };
		68D3FB2CD371B58FADB5C520D0DAB2AA /* GTMSessionFetcher-prefix.pch */ = {isa = PBXFileReference; includeInIndex = 1; lastKnownFileType = sourcecode.c.h; path = "GTMSessionFetcher-prefix.pch"; sourceTree = "<group>"; };
		69269BED1A64E0E465B9A8E38933ABBD /* Pods-MY TUTOR.release.xcconfig */ = {isa = PBXFileReference; includeInIndex = 1; lastKnownFileType = text.xcconfig; path = "Pods-MY TUTOR.release.xcconfig"; sourceTree = "<group>"; };
		6959588FA729653C21CA1300C317DC97 /* Pods-MY TUTOR-frameworks.sh */ = {isa = PBXFileReference; includeInIndex = 1; lastKnownFileType = text.script.sh; path = "Pods-MY TUTOR-frameworks.sh"; sourceTree = "<group>"; };
		75BA6A14250CF9776A0622F18D1383F0 /* GTMReadMonitorInputStream.h */ = {isa = PBXFileReference; includeInIndex = 1; lastKnownFileType = sourcecode.c.h; name = GTMReadMonitorInputStream.h; path = Source/GTMReadMonitorInputStream.h; sourceTree = "<group>"; };
		7D8748C1E016F925778DA1957322A3C6 /* Core.h */ = {isa = PBXFileReference; includeInIndex = 1; lastKnownFileType = sourcecode.c.h; name = Core.h; path = Headers/Core.h; sourceTree = "<group>"; };
		82235EFB0424309D9F116A72D033BC96 /* GTMSessionUploadFetcher.h */ = {isa = PBXFileReference; includeInIndex = 1; lastKnownFileType = sourcecode.c.h; name = GTMSessionUploadFetcher.h; path = Source/GTMSessionUploadFetcher.h; sourceTree = "<group>"; };
		82808E283FBA44DEF9C327B69350F1E5 /* GTMDebugThreadValidation.h */ = {isa = PBXFileReference; includeInIndex = 1; lastKnownFileType = sourcecode.c.h; name = GTMDebugThreadValidation.h; path = DebugUtils/GTMDebugThreadValidation.h; sourceTree = "<group>"; };
		8491D7F336E77094A79E08FCEBD36250 /* SystemConfiguration.framework */ = {isa = PBXFileReference; lastKnownFileType = wrapper.framework; name = SystemConfiguration.framework; path = Platforms/iPhoneOS.platform/Developer/SDKs/iPhoneOS10.0.sdk/System/Library/Frameworks/SystemConfiguration.framework; sourceTree = DEVELOPER_DIR; };
		87C78CCF2767B6E5DD9F0AEDF5447DBC /* GTMOAuth2Authentication.m */ = {isa = PBXFileReference; includeInIndex = 1; lastKnownFileType = sourcecode.c.objc; name = GTMOAuth2Authentication.m; path = Source/GTMOAuth2Authentication.m; sourceTree = "<group>"; };
		8A7F4FB06E9DE7D423EB916CA13D7797 /* GTMMethodCheck.h */ = {isa = PBXFileReference; includeInIndex = 1; lastKnownFileType = sourcecode.c.h; name = GTMMethodCheck.h; path = DebugUtils/GTMMethodCheck.h; sourceTree = "<group>"; };
		8ACE4D086F76FB25508A7041005756F4 /* GTMMIMEDocument.m */ = {isa = PBXFileReference; includeInIndex = 1; lastKnownFileType = sourcecode.c.objc; name = GTMMIMEDocument.m; path = Source/GTMMIMEDocument.m; sourceTree = "<group>"; };
		8D6A4BFC2181D8C32B87318E06179F0D /* Core-Module.h */ = {isa = PBXFileReference; includeInIndex = 1; lastKnownFileType = sourcecode.c.h; name = "Core-Module.h"; path = "Headers/ModuleHeaders/Core-Module.h"; sourceTree = "<group>"; };
		918F1B99E605AD7732976B9339CA3748 /* Analytics-Module.h */ = {isa = PBXFileReference; includeInIndex = 1; lastKnownFileType = sourcecode.c.h; name = "Analytics-Module.h"; path = "Headers/ModuleHeaders/Analytics-Module.h"; sourceTree = "<group>"; };
		93A4A3777CF96A4AAC1D13BA6DCCEA73 /* Podfile */ = {isa = PBXFileReference; explicitFileType = text.script.ruby; includeInIndex = 1; lastKnownFileType = text; name = Podfile; path = ../Podfile; sourceTree = SOURCE_ROOT; xcLanguageSpecificationIdentifier = xcode.lang.ruby; };
		991834B56F9782B70088F13FF704EC0F /* GTMMIMEDocument.h */ = {isa = PBXFileReference; includeInIndex = 1; lastKnownFileType = sourcecode.c.h; name = GTMMIMEDocument.h; path = Source/GTMMIMEDocument.h; sourceTree = "<group>"; };
		9A50A9794A96FA7C6E363B95F08EB2BE /* GTMOAuth2SignIn.h */ = {isa = PBXFileReference; includeInIndex = 1; lastKnownFileType = sourcecode.c.h; name = GTMOAuth2SignIn.h; path = Source/GTMOAuth2SignIn.h; sourceTree = "<group>"; };
		9A8B1515539D2B49A8330C9B3311061D /* GTMOAuth2ViewControllerTouch.m */ = {isa = PBXFileReference; includeInIndex = 1; lastKnownFileType = sourcecode.c.objc; name = GTMOAuth2ViewControllerTouch.m; path = Source/Touch/GTMOAuth2ViewControllerTouch.m; sourceTree = "<group>"; };
		9B48CEFA4F23E3D9802D5FFF844F7AAD /* Pods-MY TUTOR.debug.xcconfig */ = {isa = PBXFileReference; includeInIndex = 1; lastKnownFileType = text.xcconfig; path = "Pods-MY TUTOR.debug.xcconfig"; sourceTree = "<group>"; };
		9FAAEA3AD46F24671FBA77675B8EC8C7 /* FIRInstanceID.h */ = {isa = PBXFileReference; includeInIndex = 1; lastKnownFileType = sourcecode.c.h; name = FIRInstanceID.h; path = Sources/FIRInstanceID.h; sourceTree = "<group>"; };
		A29944E36E7AA6A9453496EDE9CE790C /* GTMOAuth2ViewControllerTouch.h */ = {isa = PBXFileReference; includeInIndex = 1; lastKnownFileType = sourcecode.c.h; name = GTMOAuth2ViewControllerTouch.h; path = Source/Touch/GTMOAuth2ViewControllerTouch.h; sourceTree = "<group>"; };
		A830C3DF8601605A05CD73C77F1037EE /* GTMNSString+URLArguments.h */ = {isa = PBXFileReference; includeInIndex = 1; lastKnownFileType = sourcecode.c.h; name = "GTMNSString+URLArguments.h"; path = "Foundation/GTMNSString+URLArguments.h"; sourceTree = "<group>"; };
		A849E430F374A1262EE038B37ECBC407 /* GGLSignIn.framework */ = {isa = PBXFileReference; lastKnownFileType = wrapper.framework; name = GGLSignIn.framework; path = Frameworks/GGLSignIn.framework; sourceTree = "<group>"; };
		ABDF7991FB7BB7A3228BFE58616768EA /* Firebase.h */ = {isa = PBXFileReference; includeInIndex = 1; lastKnownFileType = sourcecode.c.h; name = Firebase.h; path = Core/Sources/Firebase.h; sourceTree = "<group>"; };
		ACF208440475ED0A59C34697FEEE9910 /* GoogleInterchangeUtilities.framework */ = {isa = PBXFileReference; lastKnownFileType = wrapper.framework; name = GoogleInterchangeUtilities.framework; path = Frameworks/frameworks/GoogleInterchangeUtilities.framework; sourceTree = "<group>"; };
		AD0B80F8B2FC817A42D0CE4055E24371 /* libPods-MY TUTOR.a */ = {isa = PBXFileReference; explicitFileType = archive.ar; includeInIndex = 0; name = "libPods-MY TUTOR.a"; path = "libPods-MY TUTOR.a"; sourceTree = BUILT_PRODUCTS_DIR; };
		AE48CF7A5BF478507D57915C2BB1AFC6 /* libGTMSessionFetcher.a */ = {isa = PBXFileReference; explicitFileType = archive.ar; includeInIndex = 0; name = libGTMSessionFetcher.a; path = libGTMSessionFetcher.a; sourceTree = BUILT_PRODUCTS_DIR; };
		BF7F5DC558AB088DD9FD899C193162BB /* GTMSessionFetcherService.m */ = {isa = PBXFileReference; includeInIndex = 1; lastKnownFileType = sourcecode.c.objc; name = GTMSessionFetcherService.m; path = Source/GTMSessionFetcherService.m; sourceTree = "<group>"; };
		C4CB91ADD598F1147410650EA7C22B41 /* libGTMOAuth2.a */ = {isa = PBXFileReference; explicitFileType = archive.ar; includeInIndex = 0; name = libGTMOAuth2.a; path = libGTMOAuth2.a; sourceTree = BUILT_PRODUCTS_DIR; };
		C504FBDC4BAD42DDEBF1013C5A0260B7 /* GTMNSDictionary+URLArguments.m */ = {isa = PBXFileReference; includeInIndex = 1; lastKnownFileType = sourcecode.c.objc; name = "GTMNSDictionary+URLArguments.m"; path = "Foundation/GTMNSDictionary+URLArguments.m"; sourceTree = "<group>"; };
		C700E205283A34809630CFC016566BBE /* FirebaseAnalytics.framework */ = {isa = PBXFileReference; lastKnownFileType = wrapper.framework; name = FirebaseAnalytics.framework; path = Frameworks/frameworks/FirebaseAnalytics.framework; sourceTree = "<group>"; };
		D40A7365FFC8BE9D04A76BB421615147 /* GoogleToolboxForMac.xcconfig */ = {isa = PBXFileReference; includeInIndex = 1; lastKnownFileType = text.xcconfig; path = GoogleToolboxForMac.xcconfig; sourceTree = "<group>"; };
		D9A52D994DE847A37536AAF35402A848 /* GoogleSignIn.bundle */ = {isa = PBXFileReference; includeInIndex = 1; lastKnownFileType = "wrapper.plug-in"; name = GoogleSignIn.bundle; path = Resources/GoogleSignIn.bundle; sourceTree = "<group>"; };
		DF2EAAB34987780516C2163EE2D06E62 /* FirebaseInstanceID.framework */ = {isa = PBXFileReference; lastKnownFileType = wrapper.framework; name = FirebaseInstanceID.framework; path = Frameworks/frameworks/FirebaseInstanceID.framework; sourceTree = "<group>"; };
		E00124D7C370635B2803AE5497289733 /* Foundation.framework */ = {isa = PBXFileReference; lastKnownFileType = wrapper.framework; name = Foundation.framework; path = Platforms/iPhoneOS.platform/Developer/SDKs/iPhoneOS10.0.sdk/System/Library/Frameworks/Foundation.framework; sourceTree = DEVELOPER_DIR; };
		E379098D94AC6C92D9494013DF62CF5E /* GTMOAuth2-prefix.pch */ = {isa = PBXFileReference; includeInIndex = 1; lastKnownFileType = sourcecode.c.h; path = "GTMOAuth2-prefix.pch"; sourceTree = "<group>"; };
		E4156ADCD1E0891B170732DB4B07ADDD /* GTMSessionFetcher.h */ = {isa = PBXFileReference; includeInIndex = 1; lastKnownFileType = sourcecode.c.h; name = GTMSessionFetcher.h; path = Source/GTMSessionFetcher.h; sourceTree = "<group>"; };
		E912E5E7DF15601CE5EEC45CF29A6275 /* libGoogleToolboxForMac.a */ = {isa = PBXFileReference; explicitFileType = archive.ar; includeInIndex = 0; name = libGoogleToolboxForMac.a; path = libGoogleToolboxForMac.a; sourceTree = BUILT_PRODUCTS_DIR; };
		EF0E96A9BB01A9FFFA2A047C37B33957 /* Pods-MY TUTOR-acknowledgements.markdown */ = {isa = PBXFileReference; includeInIndex = 1; lastKnownFileType = text; path = "Pods-MY TUTOR-acknowledgements.markdown"; sourceTree = "<group>"; };
		EF12F3A4C6FDE0BF8EB5787094142F8D /* GTMSessionFetcherLogging.m */ = {isa = PBXFileReference; includeInIndex = 1; lastKnownFileType = sourcecode.c.objc; name = GTMSessionFetcherLogging.m; path = Source/GTMSessionFetcherLogging.m; sourceTree = "<group>"; };
		EFE22D7997BB0675064235171F19E834 /* GoogleToolboxForMac-dummy.m */ = {isa = PBXFileReference; includeInIndex = 1; lastKnownFileType = sourcecode.c.objc; path = "GoogleToolboxForMac-dummy.m"; sourceTree = "<group>"; };
		F237E554F95CD99AEA9770CB812112CE /* GTMSessionUploadFetcher.m */ = {isa = PBXFileReference; includeInIndex = 1; lastKnownFileType = sourcecode.c.objc; name = GTMSessionUploadFetcher.m; path = Source/GTMSessionUploadFetcher.m; sourceTree = "<group>"; };
		F805C4DF51E05FDCD14F66B0D1E462C2 /* GTMOAuth2-dummy.m */ = {isa = PBXFileReference; includeInIndex = 1; lastKnownFileType = sourcecode.c.objc; path = "GTMOAuth2-dummy.m"; sourceTree = "<group>"; };
/* End PBXFileReference section */

/* Begin PBXFrameworksBuildPhase section */
		44CF2F1BF74A80BA3B7F519E7672C8C4 /* Frameworks */ = {
			isa = PBXFrameworksBuildPhase;
			buildActionMask = 2147483647;
			files = (
				D13D2E45265AB96446FD2EAEC1FF6DB0 /* Foundation.framework in Frameworks */,
				E48BFAB1AAF7FA9B23BB080F8FFE9A71 /* Security.framework in Frameworks */,
				C936F7E755C7582CDF05E3A54D82FF3A /* SystemConfiguration.framework in Frameworks */,
			);
			runOnlyForDeploymentPostprocessing = 0;
		};
		65FFD49C4DF2F76B94006B885332C290 /* Frameworks */ = {
			isa = PBXFrameworksBuildPhase;
			buildActionMask = 2147483647;
			files = (
				F3E52D15A9281048029F0220E4A7191E /* Foundation.framework in Frameworks */,
				5DAD592E2A834ED340A8C92C45F1EF35 /* Security.framework in Frameworks */,
			);
			runOnlyForDeploymentPostprocessing = 0;
		};
		E468DEE3816A9E9ED082166AC0F3EAAB /* Frameworks */ = {
			isa = PBXFrameworksBuildPhase;
			buildActionMask = 2147483647;
			files = (
				F3E77AA87F046EA6488343E942699FC2 /* Foundation.framework in Frameworks */,
			);
			runOnlyForDeploymentPostprocessing = 0;
		};
		EF4DAA34BF66553A85C87DB1CB896200 /* Frameworks */ = {
			isa = PBXFrameworksBuildPhase;
			buildActionMask = 2147483647;
			files = (
				355F305D064ECF52F4B13BDEADD7A7D4 /* Foundation.framework in Frameworks */,
			);
			runOnlyForDeploymentPostprocessing = 0;
		};
/* End PBXFrameworksBuildPhase section */

/* Begin PBXGroup section */
		008198C6649BD4F86B941EB1515A6056 /* iOS */ = {
			isa = PBXGroup;
			children = (
				E00124D7C370635B2803AE5497289733 /* Foundation.framework */,
				5A40B268B9A3BC70C007A11225285556 /* Security.framework */,
				8491D7F336E77094A79E08FCEBD36250 /* SystemConfiguration.framework */,
			);
			name = iOS;
			sourceTree = "<group>";
		};
		01E8C054873F0FE5B9A4132276796882 /* Frameworks */ = {
			isa = PBXGroup;
			children = (
				0450E8073A6AB5942F953A8A9B1B3221 /* FirebaseCore.framework */,
			);
			name = Frameworks;
			sourceTree = "<group>";
		};
		078B2187669A96327E901AE285E61F31 /* Google */ = {
			isa = PBXGroup;
			children = (
				D566248BAD0991474FD285317AEB04B0 /* Core */,
				C768BA69753F68AC9A3B58FD409520A5 /* SignIn */,
			);
			name = Google;
			path = Google;
			sourceTree = "<group>";
		};
		096FCD841A11ABEA0F768B2CDE456587 /* DebugUtils */ = {
			isa = PBXGroup;
			children = (
				3B3DA499C216F9AFBEB3FA83622BD6B1 /* GTMDebugSelectorValidation.h */,
				82808E283FBA44DEF9C327B69350F1E5 /* GTMDebugThreadValidation.h */,
				8A7F4FB06E9DE7D423EB916CA13D7797 /* GTMMethodCheck.h */,
			);
			name = DebugUtils;
			sourceTree = "<group>";
		};
		09B0A4D8EA503E8AF9C00B90DE7DC227 /* FirebaseInstanceID */ = {
			isa = PBXGroup;
			children = (
				9FAAEA3AD46F24671FBA77675B8EC8C7 /* FIRInstanceID.h */,
				2067D7F923065ED92BD5A44E5B8420EB /* Frameworks */,
			);
			name = FirebaseInstanceID;
			path = FirebaseInstanceID;
			sourceTree = "<group>";
		};
		10CBFA37904E33B12605DFA6AA191757 /* Frameworks */ = {
			isa = PBXGroup;
			children = (
				ACF208440475ED0A59C34697FEEE9910 /* GoogleInterchangeUtilities.framework */,
			);
			name = Frameworks;
			sourceTree = "<group>";
		};
		10D1B42EC5DA598AE66F843E5CFC8A92 /* Pods */ = {
			isa = PBXGroup;
			children = (
				DBB75709406381B5697D50CC4A94FF0C /* Firebase */,
				6F7C8A3FDA3DB934AF022D7510E80867 /* FirebaseAnalytics */,
				CAA3D24D2322AFD69AB454E4D6869A82 /* FirebaseAuth */,
				703823F17694CF73852DCC9D1310BAEC /* FirebaseCore */,
				09B0A4D8EA503E8AF9C00B90DE7DC227 /* FirebaseInstanceID */,
				078B2187669A96327E901AE285E61F31 /* Google */,
				68F03B2A303E0CF266BB58A2E20FD5B6 /* GoogleAppUtilities */,
				AECA961EEEC99BDB575715EA0D4D9721 /* GoogleInterchangeUtilities */,
				6D52836000FC4B013ECDC601DB15919C /* GoogleSignIn */,
				FA672CCE73A1F5325A05DAB5CD52A039 /* GoogleSymbolUtilities */,
				9362A98BA621D24AF57A3527C2021C03 /* GoogleToolboxForMac */,
				DDADD2FC2237950372E99F0DA9935EB4 /* GTMOAuth2 */,
				33B355D034325C298DFF26E7BBEF2BB9 /* GTMSessionFetcher */,
			);
			name = Pods;
			sourceTree = "<group>";
		};
		122DA2E5084A4393C29BE363C764795C /* Frameworks */ = {
			isa = PBXGroup;
			children = (
				008198C6649BD4F86B941EB1515A6056 /* iOS */,
			);
			name = Frameworks;
			sourceTree = "<group>";
		};
		192CA4AFE93F125C314D44207915AB3D /* NSDictionary+URLArguments */ = {
			isa = PBXGroup;
			children = (
				315AD928CF975B2A65B9C8D84D570C02 /* GTMNSDictionary+URLArguments.h */,
				C504FBDC4BAD42DDEBF1013C5A0260B7 /* GTMNSDictionary+URLArguments.m */,
			);
			name = "NSDictionary+URLArguments";
			sourceTree = "<group>";
		};
		1FEBA7B941F69692A2354C22255C6A07 /* Frameworks */ = {
			isa = PBXGroup;
			children = (
				23894639BE922B4CD1FEC68D3BD65AEA /* GoogleSymbolUtilities.framework */,
			);
			name = Frameworks;
			sourceTree = "<group>";
		};
		2067D7F923065ED92BD5A44E5B8420EB /* Frameworks */ = {
			isa = PBXGroup;
			children = (
				DF2EAAB34987780516C2163EE2D06E62 /* FirebaseInstanceID.framework */,
			);
			name = Frameworks;
			sourceTree = "<group>";
		};
		27DFDBC431F79C83FACD686D0E9E7634 /* Full */ = {
			isa = PBXGroup;
			children = (
				13002A75E8E0691DF203B8C8B8F20221 /* GTMGatherInputStream.h */,
				24AC6C3D766194F0E9C0FFD6E362F8EE /* GTMGatherInputStream.m */,
				991834B56F9782B70088F13FF704EC0F /* GTMMIMEDocument.h */,
				8ACE4D086F76FB25508A7041005756F4 /* GTMMIMEDocument.m */,
				75BA6A14250CF9776A0622F18D1383F0 /* GTMReadMonitorInputStream.h */,
				5F52288559D5451234FFB5F6DA3D292D /* GTMReadMonitorInputStream.m */,
			);
			name = Full;
			sourceTree = "<group>";
		};
		32F0A9745AFC40F35BA3AF584FA6FDB1 /* Frameworks */ = {
			isa = PBXGroup;
			children = (
				C700E205283A34809630CFC016566BBE /* FirebaseAnalytics.framework */,
			);
			name = Frameworks;
			sourceTree = "<group>";
		};
		33B355D034325C298DFF26E7BBEF2BB9 /* GTMSessionFetcher */ = {
			isa = PBXGroup;
			children = (
				4703AC1D36305EEDDC00ADDD7CC2E707 /* Core */,
				27DFDBC431F79C83FACD686D0E9E7634 /* Full */,
				901F5A3BD0847319D3D0C3E634CA0E29 /* Support Files */,
			);
			name = GTMSessionFetcher;
			path = GTMSessionFetcher;
			sourceTree = "<group>";
		};
		3C18079D42539F5F32448E7FD3B622BF /* NSString+URLArguments */ = {
			isa = PBXGroup;
			children = (
				A830C3DF8601605A05CD73C77F1037EE /* GTMNSString+URLArguments.h */,
				09A605DB9DF55B1EF0ACC375AFF49DBB /* GTMNSString+URLArguments.m */,
			);
			name = "NSString+URLArguments";
			sourceTree = "<group>";
		};
		4037698F7E6B71C082E1F296F61815C4 /* Frameworks */ = {
			isa = PBXGroup;
			children = (
				13B64138DD4DE7D473C70ABBE14A852F /* GoogleAppUtilities.framework */,
			);
			name = Frameworks;
			sourceTree = "<group>";
		};
		432BBE23D6303037B8127ABC13493D99 /* Targets Support Files */ = {
			isa = PBXGroup;
			children = (
				E9E73505433B5DB7621EA8E13AD08784 /* Pods-MY TUTOR */,
			);
			name = "Targets Support Files";
			sourceTree = "<group>";
		};
		4703AC1D36305EEDDC00ADDD7CC2E707 /* Core */ = {
			isa = PBXGroup;
			children = (
				E4156ADCD1E0891B170732DB4B07ADDD /* GTMSessionFetcher.h */,
				33F3727A41336B3608D28C442E8C3D64 /* GTMSessionFetcher.m */,
				22337AA3FD5EF0F228CB161CECE4DFFB /* GTMSessionFetcherLogging.h */,
				EF12F3A4C6FDE0BF8EB5787094142F8D /* GTMSessionFetcherLogging.m */,
				2EE723FD5E245EDC5041384D5849616E /* GTMSessionFetcherService.h */,
				BF7F5DC558AB088DD9FD899C193162BB /* GTMSessionFetcherService.m */,
				82235EFB0424309D9F116A72D033BC96 /* GTMSessionUploadFetcher.h */,
				F237E554F95CD99AEA9770CB812112CE /* GTMSessionUploadFetcher.m */,
			);
			name = Core;
			sourceTree = "<group>";
		};
		4EC6543C9742F87002D245AE33D4FA97 /* Frameworks */ = {
			isa = PBXGroup;
			children = (
				1C5A88CADC8F2A3226E92F4FD8476A64 /* GGLCore.framework */,
			);
			name = Frameworks;
			sourceTree = "<group>";
		};
		68F03B2A303E0CF266BB58A2E20FD5B6 /* GoogleAppUtilities */ = {
			isa = PBXGroup;
			children = (
				4037698F7E6B71C082E1F296F61815C4 /* Frameworks */,
			);
			name = GoogleAppUtilities;
			path = GoogleAppUtilities;
			sourceTree = "<group>";
		};
		6D52836000FC4B013ECDC601DB15919C /* GoogleSignIn */ = {
			isa = PBXGroup;
			children = (
				83203DBC9CCB2CAE334C0E3F71318692 /* Frameworks */,
				87A6679DFC0C8F21167F371B0A2B5C25 /* Resources */,
			);
			name = GoogleSignIn;
			path = GoogleSignIn;
			sourceTree = "<group>";
		};
		6F7C8A3FDA3DB934AF022D7510E80867 /* FirebaseAnalytics */ = {
			isa = PBXGroup;
			children = (
				32F0A9745AFC40F35BA3AF584FA6FDB1 /* Frameworks */,
			);
			name = FirebaseAnalytics;
			path = FirebaseAnalytics;
			sourceTree = "<group>";
		};
		703823F17694CF73852DCC9D1310BAEC /* FirebaseCore */ = {
			isa = PBXGroup;
			children = (
				01E8C054873F0FE5B9A4132276796882 /* Frameworks */,
			);
			name = FirebaseCore;
			path = FirebaseCore;
			sourceTree = "<group>";
		};
		73F2AB5D5D2D235F1E2193890A764E2D /* Resources */ = {
			isa = PBXGroup;
			children = (
				0603CF26D499BCCADE7C4B9B10051FCA /* GTMOAuth2ViewTouch.xib */,
			);
			name = Resources;
			sourceTree = "<group>";
		};
		7DB346D0F39D3F0E887471402A8071AB = {
			isa = PBXGroup;
			children = (
				93A4A3777CF96A4AAC1D13BA6DCCEA73 /* Podfile */,
				122DA2E5084A4393C29BE363C764795C /* Frameworks */,
				10D1B42EC5DA598AE66F843E5CFC8A92 /* Pods */,
				D149B83F5DD563856F30B9DCDCDCE54C /* Products */,
				432BBE23D6303037B8127ABC13493D99 /* Targets Support Files */,
			);
			sourceTree = "<group>";
		};
		83203DBC9CCB2CAE334C0E3F71318692 /* Frameworks */ = {
			isa = PBXGroup;
			children = (
				64DEC29C8B42E5CFBC1B76B4E3DEC2D9 /* GoogleSignIn.framework */,
			);
			name = Frameworks;
			sourceTree = "<group>";
		};
		87A6679DFC0C8F21167F371B0A2B5C25 /* Resources */ = {
			isa = PBXGroup;
			children = (
				D9A52D994DE847A37536AAF35402A848 /* GoogleSignIn.bundle */,
			);
			name = Resources;
			sourceTree = "<group>";
		};
		901F5A3BD0847319D3D0C3E634CA0E29 /* Support Files */ = {
			isa = PBXGroup;
			children = (
				643F31BCFCAE93F02E2D9A67585FA69D /* GTMSessionFetcher.xcconfig */,
				2FD6A83A52E392003C57E19236CE5EC0 /* GTMSessionFetcher-dummy.m */,
				68D3FB2CD371B58FADB5C520D0DAB2AA /* GTMSessionFetcher-prefix.pch */,
			);
			name = "Support Files";
			path = "../Target Support Files/GTMSessionFetcher";
			sourceTree = "<group>";
		};
		9362A98BA621D24AF57A3527C2021C03 /* GoogleToolboxForMac */ = {
			isa = PBXGroup;
			children = (
				096FCD841A11ABEA0F768B2CDE456587 /* DebugUtils */,
				FE47F5A56CF5CE2A4F8C01E4AE9A1A6F /* Defines */,
				986D9079282ACA9E5A53275D51D3D95D /* NSData+zlib */,
				192CA4AFE93F125C314D44207915AB3D /* NSDictionary+URLArguments */,
				3C18079D42539F5F32448E7FD3B622BF /* NSString+URLArguments */,
				D9F518E8B7A799EB557E0EEEC623AA9A /* Support Files */,
			);
			name = GoogleToolboxForMac;
			path = GoogleToolboxForMac;
			sourceTree = "<group>";
		};
		96026F1A545F98F0DF9017BD158820D6 /* Frameworks */ = {
			isa = PBXGroup;
			children = (
				A849E430F374A1262EE038B37ECBC407 /* GGLSignIn.framework */,
			);
			name = Frameworks;
			sourceTree = "<group>";
		};
		986D9079282ACA9E5A53275D51D3D95D /* NSData+zlib */ = {
			isa = PBXGroup;
			children = (
				58CB6B9A0341D1D9CDD42E20C2F5BD4F /* GTMNSData+zlib.h */,
				3BD10F2BAD5F1C6F9BAC02C0EC2062D0 /* GTMNSData+zlib.m */,
			);
			name = "NSData+zlib";
			sourceTree = "<group>";
		};
		A32B1338248AE29E75A530CD6C59750A /* Frameworks */ = {
			isa = PBXGroup;
			children = (
				28269972AC93B6425BA5CE911FE3B0A3 /* FirebaseAuth.framework */,
			);
			name = Frameworks;
			sourceTree = "<group>";
		};
		AECA961EEEC99BDB575715EA0D4D9721 /* GoogleInterchangeUtilities */ = {
			isa = PBXGroup;
			children = (
				10CBFA37904E33B12605DFA6AA191757 /* Frameworks */,
			);
			name = GoogleInterchangeUtilities;
			path = GoogleInterchangeUtilities;
			sourceTree = "<group>";
		};
		C768BA69753F68AC9A3B58FD409520A5 /* SignIn */ = {
			isa = PBXGroup;
			children = (
				1989254B83A00F57265802BF9C26122C /* SignIn.h */,
				96026F1A545F98F0DF9017BD158820D6 /* Frameworks */,
			);
			name = SignIn;
			sourceTree = "<group>";
		};
		CAA3D24D2322AFD69AB454E4D6869A82 /* FirebaseAuth */ = {
			isa = PBXGroup;
			children = (
				A32B1338248AE29E75A530CD6C59750A /* Frameworks */,
			);
			name = FirebaseAuth;
			path = FirebaseAuth;
			sourceTree = "<group>";
		};
		CE22436A4CDA9D3A97088182E5BA83DB /* Core */ = {
			isa = PBXGroup;
			children = (
				ABDF7991FB7BB7A3228BFE58616768EA /* Firebase.h */,
			);
			name = Core;
			sourceTree = "<group>";
		};
		D149B83F5DD563856F30B9DCDCDCE54C /* Products */ = {
			isa = PBXGroup;
			children = (
				E912E5E7DF15601CE5EEC45CF29A6275 /* libGoogleToolboxForMac.a */,
				C4CB91ADD598F1147410650EA7C22B41 /* libGTMOAuth2.a */,
				AE48CF7A5BF478507D57915C2BB1AFC6 /* libGTMSessionFetcher.a */,
				AD0B80F8B2FC817A42D0CE4055E24371 /* libPods-MY TUTOR.a */,
			);
			name = Products;
			sourceTree = "<group>";
		};
		D566248BAD0991474FD285317AEB04B0 /* Core */ = {
			isa = PBXGroup;
			children = (
				918F1B99E605AD7732976B9339CA3748 /* Analytics-Module.h */,
				7D8748C1E016F925778DA1957322A3C6 /* Core.h */,
				8D6A4BFC2181D8C32B87318E06179F0D /* Core-Module.h */,
				29CE100260AC4D3B5EA8CBBD8406A7DA /* SignIn-Module.h */,
				4EC6543C9742F87002D245AE33D4FA97 /* Frameworks */,
			);
			name = Core;
			sourceTree = "<group>";
		};
		D9F518E8B7A799EB557E0EEEC623AA9A /* Support Files */ = {
			isa = PBXGroup;
			children = (
				D40A7365FFC8BE9D04A76BB421615147 /* GoogleToolboxForMac.xcconfig */,
				EFE22D7997BB0675064235171F19E834 /* GoogleToolboxForMac-dummy.m */,
				04A5FEB00149C28C231A5C2939496BB5 /* GoogleToolboxForMac-prefix.pch */,
			);
			name = "Support Files";
			path = "../Target Support Files/GoogleToolboxForMac";
			sourceTree = "<group>";
		};
		DB3C76BAF4B673EAFC8FF940184063BF /* Support Files */ = {
			isa = PBXGroup;
			children = (
				084ACC15DE6DC9747719DA60E044F54A /* GTMOAuth2.xcconfig */,
				F805C4DF51E05FDCD14F66B0D1E462C2 /* GTMOAuth2-dummy.m */,
				E379098D94AC6C92D9494013DF62CF5E /* GTMOAuth2-prefix.pch */,
			);
			name = "Support Files";
			path = "../Target Support Files/GTMOAuth2";
			sourceTree = "<group>";
		};
		DBB75709406381B5697D50CC4A94FF0C /* Firebase */ = {
			isa = PBXGroup;
			children = (
				CE22436A4CDA9D3A97088182E5BA83DB /* Core */,
			);
			name = Firebase;
			path = Firebase;
			sourceTree = "<group>";
		};
		DDADD2FC2237950372E99F0DA9935EB4 /* GTMOAuth2 */ = {
			isa = PBXGroup;
			children = (
				2B8ACC0EAB9A04338EEEE5765F7575CB /* GTMOAuth2Authentication.h */,
				87C78CCF2767B6E5DD9F0AEDF5447DBC /* GTMOAuth2Authentication.m */,
				9A50A9794A96FA7C6E363B95F08EB2BE /* GTMOAuth2SignIn.h */,
				2AE53A73DA21563B6892776B6C0020C1 /* GTMOAuth2SignIn.m */,
				A29944E36E7AA6A9453496EDE9CE790C /* GTMOAuth2ViewControllerTouch.h */,
				9A8B1515539D2B49A8330C9B3311061D /* GTMOAuth2ViewControllerTouch.m */,
				73F2AB5D5D2D235F1E2193890A764E2D /* Resources */,
				DB3C76BAF4B673EAFC8FF940184063BF /* Support Files */,
			);
			name = GTMOAuth2;
			path = GTMOAuth2;
			sourceTree = "<group>";
		};
		E9E73505433B5DB7621EA8E13AD08784 /* Pods-MY TUTOR */ = {
			isa = PBXGroup;
			children = (
				EF0E96A9BB01A9FFFA2A047C37B33957 /* Pods-MY TUTOR-acknowledgements.markdown */,
				20777D8658155377142CB59FAC91C9EC /* Pods-MY TUTOR-acknowledgements.plist */,
				414E1596C6C1A8088C23842878FD050C /* Pods-MY TUTOR-dummy.m */,
				6959588FA729653C21CA1300C317DC97 /* Pods-MY TUTOR-frameworks.sh */,
				31389C4BD98FAF62F64E24EB3691566C /* Pods-MY TUTOR-resources.sh */,
				9B48CEFA4F23E3D9802D5FFF844F7AAD /* Pods-MY TUTOR.debug.xcconfig */,
				69269BED1A64E0E465B9A8E38933ABBD /* Pods-MY TUTOR.release.xcconfig */,
			);
			name = "Pods-MY TUTOR";
			path = "Target Support Files/Pods-MY TUTOR";
			sourceTree = "<group>";
		};
		FA672CCE73A1F5325A05DAB5CD52A039 /* GoogleSymbolUtilities */ = {
			isa = PBXGroup;
			children = (
				1FEBA7B941F69692A2354C22255C6A07 /* Frameworks */,
			);
			name = GoogleSymbolUtilities;
			path = GoogleSymbolUtilities;
			sourceTree = "<group>";
		};
		FE47F5A56CF5CE2A4F8C01E4AE9A1A6F /* Defines */ = {
			isa = PBXGroup;
			children = (
				6838D389ED005FBB79F341F29F0C22CA /* GTMDefines.h */,
			);
			name = Defines;
			sourceTree = "<group>";
		};
/* End PBXGroup section */

/* Begin PBXHeadersBuildPhase section */
		0CBA5A14986DAE7D6A473749221AA81F /* Headers */ = {
			isa = PBXHeadersBuildPhase;
			buildActionMask = 2147483647;
			files = (
				476D901118FCE3506AF5ECEFC743403B /* GTMDebugSelectorValidation.h in Headers */,
				226B1BFF4E3FC473A1C88F2CFD77C9AF /* GTMDebugThreadValidation.h in Headers */,
				A46AF96BFE3E00583C3C2AB6C1322D7B /* GTMDefines.h in Headers */,
				5E255A5B5203BE00C7B9E4D2E0D3BDC7 /* GTMMethodCheck.h in Headers */,
				26BE741AD59EF185570AC9C853F44FAD /* GTMNSData+zlib.h in Headers */,
				6C262944569C29D04DFA3C5F21494AAB /* GTMNSDictionary+URLArguments.h in Headers */,
				E84DEF53F8F01BAF747EB387654EC0AC /* GTMNSString+URLArguments.h in Headers */,
			);
			runOnlyForDeploymentPostprocessing = 0;
		};
		0D4B88744906C22FE9BBC7DEC77CC750 /* Headers */ = {
			isa = PBXHeadersBuildPhase;
			buildActionMask = 2147483647;
			files = (
				E7D17142AD2D0FD4562067389B4D0AA8 /* GTMOAuth2Authentication.h in Headers */,
				7C8B5AB9027596C699D16C4AAF27E068 /* GTMOAuth2SignIn.h in Headers */,
				301D2F9DF8760DCBEDAD6F657998E7AC /* GTMOAuth2ViewControllerTouch.h in Headers */,
			);
			runOnlyForDeploymentPostprocessing = 0;
		};
		1E0F108D4510266C91B9372D4F0C49FA /* Headers */ = {
			isa = PBXHeadersBuildPhase;
			buildActionMask = 2147483647;
			files = (
				1AC3A7DCA9C92EBFD584425922064C43 /* GTMGatherInputStream.h in Headers */,
				87282E68E7EE899DEB5311199ADDD8A1 /* GTMMIMEDocument.h in Headers */,
				C1410A8EBEDAB46576CFE6813953963C /* GTMReadMonitorInputStream.h in Headers */,
				692BCB860B95E0B4EC416CEF1ED9721C /* GTMSessionFetcher.h in Headers */,
				BA55A97ED52D42FF75F7367055818858 /* GTMSessionFetcherLogging.h in Headers */,
				38929367A51AC49F655CCC61CBF5BA67 /* GTMSessionFetcherService.h in Headers */,
				19C49EF0A0073EADDDF6015056D937F1 /* GTMSessionUploadFetcher.h in Headers */,
			);
			runOnlyForDeploymentPostprocessing = 0;
		};
/* End PBXHeadersBuildPhase section */

/* Begin PBXNativeTarget section */
		58885A79D8F2FE6A57DF1D65A1A33E7E /* GTMSessionFetcher */ = {
			isa = PBXNativeTarget;
			buildConfigurationList = DD27789B6A6CE3657E33E9F30E2FC4F4 /* Build configuration list for PBXNativeTarget "GTMSessionFetcher" */;
			buildPhases = (
				9365DA595903E0448A8F79CECF5724EC /* Sources */,
				65FFD49C4DF2F76B94006B885332C290 /* Frameworks */,
				1E0F108D4510266C91B9372D4F0C49FA /* Headers */,
			);
			buildRules = (
			);
			dependencies = (
			);
			name = GTMSessionFetcher;
			productName = GTMSessionFetcher;
			productReference = AE48CF7A5BF478507D57915C2BB1AFC6 /* libGTMSessionFetcher.a */;
			productType = "com.apple.product-type.library.static";
		};
		58E7450DB13C5ECCE92D3C0DF7CF0903 /* GoogleToolboxForMac */ = {
			isa = PBXNativeTarget;
			buildConfigurationList = 26AE791F404F3732C3335D0EFE25E20A /* Build configuration list for PBXNativeTarget "GoogleToolboxForMac" */;
			buildPhases = (
				F86A0216D6948A1D34655DBC29C561FC /* Sources */,
				E468DEE3816A9E9ED082166AC0F3EAAB /* Frameworks */,
				0CBA5A14986DAE7D6A473749221AA81F /* Headers */,
			);
			buildRules = (
			);
			dependencies = (
			);
			name = GoogleToolboxForMac;
			productName = GoogleToolboxForMac;
			productReference = E912E5E7DF15601CE5EEC45CF29A6275 /* libGoogleToolboxForMac.a */;
			productType = "com.apple.product-type.library.static";
		};
		EAE45C123C22F83F258F201FDFBA835E /* GTMOAuth2 */ = {
			isa = PBXNativeTarget;
			buildConfigurationList = 301A37506679E1E21B81956F3EBB21CC /* Build configuration list for PBXNativeTarget "GTMOAuth2" */;
			buildPhases = (
				CFCC17FB7B24FCAA18DC7406D3F52CC6 /* Sources */,
				44CF2F1BF74A80BA3B7F519E7672C8C4 /* Frameworks */,
				0D4B88744906C22FE9BBC7DEC77CC750 /* Headers */,
			);
			buildRules = (
			);
			dependencies = (
				121D7B63E6926CEF8192744488D97CB8 /* PBXTargetDependency */,
			);
			name = GTMOAuth2;
			productName = GTMOAuth2;
			productReference = C4CB91ADD598F1147410650EA7C22B41 /* libGTMOAuth2.a */;
			productType = "com.apple.product-type.library.static";
		};
		F3D5065A52CAC74438EC92476F8595DB /* Pods-MY TUTOR */ = {
			isa = PBXNativeTarget;
			buildConfigurationList = E8C58DC6BA9F1B179039C33033848F74 /* Build configuration list for PBXNativeTarget "Pods-MY TUTOR" */;
			buildPhases = (
				79E7237289E1F33F043B7DF552468C09 /* Sources */,
				EF4DAA34BF66553A85C87DB1CB896200 /* Frameworks */,
			);
			buildRules = (
			);
			dependencies = (
				E68393278056382175E994E2BEE55ED3 /* PBXTargetDependency */,
				D79B3380DDC0973870BA179C8E36CB3F /* PBXTargetDependency */,
				00C38C0152DB136CA9EEB6C83B853CDC /* PBXTargetDependency */,
			);
			name = "Pods-MY TUTOR";
			productName = "Pods-MY TUTOR";
			productReference = AD0B80F8B2FC817A42D0CE4055E24371 /* libPods-MY TUTOR.a */;
			productType = "com.apple.product-type.library.static";
		};
/* End PBXNativeTarget section */

/* Begin PBXProject section */
		D41D8CD98F00B204E9800998ECF8427E /* Project object */ = {
			isa = PBXProject;
			attributes = {
				LastSwiftUpdateCheck = 0730;
				LastUpgradeCheck = 0700;
			};
			buildConfigurationList = 2D8E8EC45A3A1A1D94AE762CB5028504 /* Build configuration list for PBXProject "Pods" */;
			compatibilityVersion = "Xcode 3.2";
			developmentRegion = English;
			hasScannedForEncodings = 0;
			knownRegions = (
				en,
			);
			mainGroup = 7DB346D0F39D3F0E887471402A8071AB;
			productRefGroup = D149B83F5DD563856F30B9DCDCDCE54C /* Products */;
			projectDirPath = "";
			projectRoot = "";
			targets = (
				58E7450DB13C5ECCE92D3C0DF7CF0903 /* GoogleToolboxForMac */,
				EAE45C123C22F83F258F201FDFBA835E /* GTMOAuth2 */,
				58885A79D8F2FE6A57DF1D65A1A33E7E /* GTMSessionFetcher */,
				F3D5065A52CAC74438EC92476F8595DB /* Pods-MY TUTOR */,
			);
		};
/* End PBXProject section */

/* Begin PBXSourcesBuildPhase section */
		79E7237289E1F33F043B7DF552468C09 /* Sources */ = {
			isa = PBXSourcesBuildPhase;
			buildActionMask = 2147483647;
			files = (
				CD438959D560E5CF5F0C6DE96BE93E84 /* Pods-MY TUTOR-dummy.m in Sources */,
			);
			runOnlyForDeploymentPostprocessing = 0;
		};
		9365DA595903E0448A8F79CECF5724EC /* Sources */ = {
			isa = PBXSourcesBuildPhase;
			buildActionMask = 2147483647;
			files = (
				C6E16FFE028E1F409BACAB194A1EEB2D /* GTMGatherInputStream.m in Sources */,
				970D73BC3388035F0C2890257B79FF6C /* GTMMIMEDocument.m in Sources */,
				E398B7C7D829520DAE5D0E404FFC44CD /* GTMReadMonitorInputStream.m in Sources */,
				C3AFE69943E1C9E8C12A05987B9CFE6F /* GTMSessionFetcher-dummy.m in Sources */,
				679DEE6C786F2E1DC042EC97B4104D6E /* GTMSessionFetcher.m in Sources */,
				1B1CB8A4BF53D86E55DE62E676F72829 /* GTMSessionFetcherLogging.m in Sources */,
				EA6CB4E675A814AA444156ABC5A02D78 /* GTMSessionFetcherService.m in Sources */,
				DDA92FB1B5D58FCD923589FE2FDD95C2 /* GTMSessionUploadFetcher.m in Sources */,
			);
			runOnlyForDeploymentPostprocessing = 0;
		};
		CFCC17FB7B24FCAA18DC7406D3F52CC6 /* Sources */ = {
			isa = PBXSourcesBuildPhase;
			buildActionMask = 2147483647;
			files = (
				691B31E95BA81C24FD1F76BFFCB3032C /* GTMOAuth2-dummy.m in Sources */,
				D3E8AC41EFF225F77C2ED8DA8A309674 /* GTMOAuth2Authentication.m in Sources */,
				155ACA99C8C725D7F85DE099E556EF6F /* GTMOAuth2SignIn.m in Sources */,
				C71C56DBD18AFD8913227CFD8485D77A /* GTMOAuth2ViewControllerTouch.m in Sources */,
			);
			runOnlyForDeploymentPostprocessing = 0;
		};
		F86A0216D6948A1D34655DBC29C561FC /* Sources */ = {
			isa = PBXSourcesBuildPhase;
			buildActionMask = 2147483647;
			files = (
				3328D6AA0A6DD5371B63ECAD18718F3F /* GoogleToolboxForMac-dummy.m in Sources */,
				EF7722D72FCA3A27E05EC9D4A716D5FD /* GTMNSData+zlib.m in Sources */,
				9EC3208101C0A4CE8E374B61F787355B /* GTMNSDictionary+URLArguments.m in Sources */,
				49524DD7C80C2A517F6A1352B67A44E8 /* GTMNSString+URLArguments.m in Sources */,
			);
			runOnlyForDeploymentPostprocessing = 0;
		};
/* End PBXSourcesBuildPhase section */

/* Begin PBXTargetDependency section */
		00C38C0152DB136CA9EEB6C83B853CDC /* PBXTargetDependency */ = {
			isa = PBXTargetDependency;
			name = GoogleToolboxForMac;
			target = 58E7450DB13C5ECCE92D3C0DF7CF0903 /* GoogleToolboxForMac */;
			targetProxy = 5D6F3F0B377CAFFF5A1C354E0E9645DC /* PBXContainerItemProxy */;
		};
		121D7B63E6926CEF8192744488D97CB8 /* PBXTargetDependency */ = {
			isa = PBXTargetDependency;
			name = GTMSessionFetcher;
			target = 58885A79D8F2FE6A57DF1D65A1A33E7E /* GTMSessionFetcher */;
			targetProxy = FC800871FCCC6AC43FA7F0F6BA59A3EC /* PBXContainerItemProxy */;
		};
		D79B3380DDC0973870BA179C8E36CB3F /* PBXTargetDependency */ = {
			isa = PBXTargetDependency;
			name = GTMSessionFetcher;
			target = 58885A79D8F2FE6A57DF1D65A1A33E7E /* GTMSessionFetcher */;
			targetProxy = C80557D1F45190227852281DC4FCA4A8 /* PBXContainerItemProxy */;
		};
		E68393278056382175E994E2BEE55ED3 /* PBXTargetDependency */ = {
			isa = PBXTargetDependency;
			name = GTMOAuth2;
			target = EAE45C123C22F83F258F201FDFBA835E /* GTMOAuth2 */;
			targetProxy = 6E8040B9FA260C20D484790DE7F8F154 /* PBXContainerItemProxy */;
		};
/* End PBXTargetDependency section */

/* Begin XCBuildConfiguration section */
		1C00232A786F6E8087BFD591FC2FFBE0 /* Debug */ = {
			isa = XCBuildConfiguration;
			baseConfigurationReference = 643F31BCFCAE93F02E2D9A67585FA69D /* GTMSessionFetcher.xcconfig */;
			buildSettings = {
				"CODE_SIGN_IDENTITY[sdk=appletvos*]" = "";
				"CODE_SIGN_IDENTITY[sdk=iphoneos*]" = "";
				"CODE_SIGN_IDENTITY[sdk=watchos*]" = "";
				DEBUG_INFORMATION_FORMAT = dwarf;
				ENABLE_STRICT_OBJC_MSGSEND = YES;
				GCC_NO_COMMON_BLOCKS = YES;
				GCC_PREFIX_HEADER = "Target Support Files/GTMSessionFetcher/GTMSessionFetcher-prefix.pch";
				IPHONEOS_DEPLOYMENT_TARGET = 7.0;
				MTL_ENABLE_DEBUG_INFO = YES;
				OTHER_LDFLAGS = "";
				OTHER_LIBTOOLFLAGS = "";
				PRIVATE_HEADERS_FOLDER_PATH = "";
				PRODUCT_NAME = "$(TARGET_NAME)";
				PUBLIC_HEADERS_FOLDER_PATH = "";
				SDKROOT = iphoneos;
				SKIP_INSTALL = YES;
				SWIFT_VERSION = 3.0;
			};
			name = Debug;
		};
		27F154FCCF947C43170BBCE71ADFE243 /* Debug */ = {
			isa = XCBuildConfiguration;
			baseConfigurationReference = 084ACC15DE6DC9747719DA60E044F54A /* GTMOAuth2.xcconfig */;
			buildSettings = {
				"CODE_SIGN_IDENTITY[sdk=appletvos*]" = "";
				"CODE_SIGN_IDENTITY[sdk=iphoneos*]" = "";
				"CODE_SIGN_IDENTITY[sdk=watchos*]" = "";
				DEBUG_INFORMATION_FORMAT = dwarf;
				ENABLE_STRICT_OBJC_MSGSEND = YES;
				GCC_NO_COMMON_BLOCKS = YES;
				GCC_PREFIX_HEADER = "Target Support Files/GTMOAuth2/GTMOAuth2-prefix.pch";
				IPHONEOS_DEPLOYMENT_TARGET = 7.0;
				MTL_ENABLE_DEBUG_INFO = YES;
				OTHER_LDFLAGS = "";
				OTHER_LIBTOOLFLAGS = "";
				PRIVATE_HEADERS_FOLDER_PATH = "";
				PRODUCT_NAME = "$(TARGET_NAME)";
				PUBLIC_HEADERS_FOLDER_PATH = "";
				SDKROOT = iphoneos;
				SKIP_INSTALL = YES;
				SWIFT_VERSION = 3.0;
			};
			name = Debug;
		};
		2F5F5B61233D182FE923F37462D6E73B /* Release */ = {
			isa = XCBuildConfiguration;
			baseConfigurationReference = D40A7365FFC8BE9D04A76BB421615147 /* GoogleToolboxForMac.xcconfig */;
			buildSettings = {
				"CODE_SIGN_IDENTITY[sdk=appletvos*]" = "";
				"CODE_SIGN_IDENTITY[sdk=iphoneos*]" = "";
				"CODE_SIGN_IDENTITY[sdk=watchos*]" = "";
				DEBUG_INFORMATION_FORMAT = "dwarf-with-dsym";
				ENABLE_STRICT_OBJC_MSGSEND = YES;
				GCC_NO_COMMON_BLOCKS = YES;
				GCC_PREFIX_HEADER = "Target Support Files/GoogleToolboxForMac/GoogleToolboxForMac-prefix.pch";
				IPHONEOS_DEPLOYMENT_TARGET = 5.0;
				MTL_ENABLE_DEBUG_INFO = NO;
				OTHER_LDFLAGS = "";
				OTHER_LIBTOOLFLAGS = "";
				PRIVATE_HEADERS_FOLDER_PATH = "";
				PRODUCT_NAME = "$(TARGET_NAME)";
				PUBLIC_HEADERS_FOLDER_PATH = "";
				SDKROOT = iphoneos;
				SKIP_INSTALL = YES;
				SWIFT_VERSION = 3.0;
			};
			name = Release;
		};
		37B531A72819279C11296F8965D836EB /* Release */ = {
			isa = XCBuildConfiguration;
			baseConfigurationReference = 643F31BCFCAE93F02E2D9A67585FA69D /* GTMSessionFetcher.xcconfig */;
			buildSettings = {
				"CODE_SIGN_IDENTITY[sdk=appletvos*]" = "";
				"CODE_SIGN_IDENTITY[sdk=iphoneos*]" = "";
				"CODE_SIGN_IDENTITY[sdk=watchos*]" = "";
				DEBUG_INFORMATION_FORMAT = "dwarf-with-dsym";
				ENABLE_STRICT_OBJC_MSGSEND = YES;
				GCC_NO_COMMON_BLOCKS = YES;
				GCC_PREFIX_HEADER = "Target Support Files/GTMSessionFetcher/GTMSessionFetcher-prefix.pch";
				IPHONEOS_DEPLOYMENT_TARGET = 7.0;
				MTL_ENABLE_DEBUG_INFO = NO;
				OTHER_LDFLAGS = "";
				OTHER_LIBTOOLFLAGS = "";
				PRIVATE_HEADERS_FOLDER_PATH = "";
				PRODUCT_NAME = "$(TARGET_NAME)";
				PUBLIC_HEADERS_FOLDER_PATH = "";
				SDKROOT = iphoneos;
				SKIP_INSTALL = YES;
				SWIFT_VERSION = 3.0;
			};
			name = Release;
		};
		3E15E1221F5F51D737D557DF33F26CE7 /* Debug */ = {
			isa = XCBuildConfiguration;
			baseConfigurationReference = D40A7365FFC8BE9D04A76BB421615147 /* GoogleToolboxForMac.xcconfig */;
			buildSettings = {
				"CODE_SIGN_IDENTITY[sdk=appletvos*]" = "";
				"CODE_SIGN_IDENTITY[sdk=iphoneos*]" = "";
				"CODE_SIGN_IDENTITY[sdk=watchos*]" = "";
				DEBUG_INFORMATION_FORMAT = dwarf;
				ENABLE_STRICT_OBJC_MSGSEND = YES;
				GCC_NO_COMMON_BLOCKS = YES;
				GCC_PREFIX_HEADER = "Target Support Files/GoogleToolboxForMac/GoogleToolboxForMac-prefix.pch";
				IPHONEOS_DEPLOYMENT_TARGET = 5.0;
				MTL_ENABLE_DEBUG_INFO = YES;
				OTHER_LDFLAGS = "";
				OTHER_LIBTOOLFLAGS = "";
				PRIVATE_HEADERS_FOLDER_PATH = "";
				PRODUCT_NAME = "$(TARGET_NAME)";
				PUBLIC_HEADERS_FOLDER_PATH = "";
				SDKROOT = iphoneos;
				SKIP_INSTALL = YES;
				SWIFT_VERSION = 3.0;
			};
			name = Debug;
		};
		3EA8BDE04564F4CB9253EB616B5FD24C /* Debug */ = {
			isa = XCBuildConfiguration;
			baseConfigurationReference = 9B48CEFA4F23E3D9802D5FFF844F7AAD /* Pods-MY TUTOR.debug.xcconfig */;
			buildSettings = {
				"CODE_SIGN_IDENTITY[sdk=appletvos*]" = "";
				"CODE_SIGN_IDENTITY[sdk=iphoneos*]" = "";
				"CODE_SIGN_IDENTITY[sdk=watchos*]" = "";
				DEBUG_INFORMATION_FORMAT = dwarf;
				ENABLE_STRICT_OBJC_MSGSEND = YES;
				GCC_NO_COMMON_BLOCKS = YES;
				IPHONEOS_DEPLOYMENT_TARGET = 9.0;
				MACH_O_TYPE = staticlib;
				MTL_ENABLE_DEBUG_INFO = YES;
				OTHER_LDFLAGS = "";
				OTHER_LIBTOOLFLAGS = "";
				PODS_ROOT = "$(SRCROOT)";
				PRODUCT_BUNDLE_IDENTIFIER = "org.cocoapods.${PRODUCT_NAME:rfc1034identifier}";
				PRODUCT_NAME = "$(TARGET_NAME)";
				SDKROOT = iphoneos;
				SKIP_INSTALL = YES;
			};
			name = Debug;
		};
		59B042A655B7C20CBAB90E385BF4E4C7 /* Debug */ = {
			isa = XCBuildConfiguration;
			buildSettings = {
				ALWAYS_SEARCH_USER_PATHS = NO;
				CLANG_ANALYZER_NONNULL = YES;
				CLANG_CXX_LANGUAGE_STANDARD = "gnu++0x";
				CLANG_CXX_LIBRARY = "libc++";
				CLANG_ENABLE_MODULES = YES;
				CLANG_ENABLE_OBJC_ARC = YES;
				CLANG_WARN_BOOL_CONVERSION = YES;
				CLANG_WARN_CONSTANT_CONVERSION = YES;
				CLANG_WARN_DIRECT_OBJC_ISA_USAGE = YES;
				CLANG_WARN_EMPTY_BODY = YES;
				CLANG_WARN_ENUM_CONVERSION = YES;
				CLANG_WARN_INT_CONVERSION = YES;
				CLANG_WARN_OBJC_ROOT_CLASS = YES;
				CLANG_WARN_UNREACHABLE_CODE = YES;
				CLANG_WARN__DUPLICATE_METHOD_MATCH = YES;
				CODE_SIGNING_REQUIRED = NO;
				COPY_PHASE_STRIP = NO;
				ENABLE_TESTABILITY = YES;
				GCC_C_LANGUAGE_STANDARD = gnu99;
				GCC_DYNAMIC_NO_PIC = NO;
				GCC_OPTIMIZATION_LEVEL = 0;
				GCC_PREPROCESSOR_DEFINITIONS = (
					"POD_CONFIGURATION_DEBUG=1",
					"DEBUG=1",
					"$(inherited)",
				);
				GCC_SYMBOLS_PRIVATE_EXTERN = NO;
				GCC_WARN_64_TO_32_BIT_CONVERSION = YES;
				GCC_WARN_ABOUT_RETURN_TYPE = YES;
				GCC_WARN_UNDECLARED_SELECTOR = YES;
				GCC_WARN_UNINITIALIZED_AUTOS = YES;
				GCC_WARN_UNUSED_FUNCTION = YES;
				GCC_WARN_UNUSED_VARIABLE = YES;
				IPHONEOS_DEPLOYMENT_TARGET = 9.0;
				ONLY_ACTIVE_ARCH = YES;
				PROVISIONING_PROFILE_SPECIFIER = NO_SIGNING/;
				STRIP_INSTALLED_PRODUCT = NO;
				SYMROOT = "${SRCROOT}/../build";
			};
			name = Debug;
		};
		5C3320E2291698C0898F988CD7FA9987 /* Release */ = {
			isa = XCBuildConfiguration;
			baseConfigurationReference = 69269BED1A64E0E465B9A8E38933ABBD /* Pods-MY TUTOR.release.xcconfig */;
			buildSettings = {
				"CODE_SIGN_IDENTITY[sdk=appletvos*]" = "";
				"CODE_SIGN_IDENTITY[sdk=iphoneos*]" = "";
				"CODE_SIGN_IDENTITY[sdk=watchos*]" = "";
				DEBUG_INFORMATION_FORMAT = "dwarf-with-dsym";
				ENABLE_STRICT_OBJC_MSGSEND = YES;
				GCC_NO_COMMON_BLOCKS = YES;
				IPHONEOS_DEPLOYMENT_TARGET = 9.0;
				MACH_O_TYPE = staticlib;
				MTL_ENABLE_DEBUG_INFO = NO;
				OTHER_LDFLAGS = "";
				OTHER_LIBTOOLFLAGS = "";
				PODS_ROOT = "$(SRCROOT)";
				PRODUCT_BUNDLE_IDENTIFIER = "org.cocoapods.${PRODUCT_NAME:rfc1034identifier}";
				PRODUCT_NAME = "$(TARGET_NAME)";
				SDKROOT = iphoneos;
				SKIP_INSTALL = YES;
			};
			name = Release;
		};
		B7324857C38B065FEB1EEE3105C2367A /* Release */ = {
			isa = XCBuildConfiguration;
			buildSettings = {
				ALWAYS_SEARCH_USER_PATHS = NO;
				CLANG_ANALYZER_NONNULL = YES;
				CLANG_CXX_LANGUAGE_STANDARD = "gnu++0x";
				CLANG_CXX_LIBRARY = "libc++";
				CLANG_ENABLE_MODULES = YES;
				CLANG_ENABLE_OBJC_ARC = YES;
				CLANG_WARN_BOOL_CONVERSION = YES;
				CLANG_WARN_CONSTANT_CONVERSION = YES;
				CLANG_WARN_DIRECT_OBJC_ISA_USAGE = YES;
				CLANG_WARN_EMPTY_BODY = YES;
				CLANG_WARN_ENUM_CONVERSION = YES;
				CLANG_WARN_INT_CONVERSION = YES;
				CLANG_WARN_OBJC_ROOT_CLASS = YES;
				CLANG_WARN_UNREACHABLE_CODE = YES;
				CLANG_WARN__DUPLICATE_METHOD_MATCH = YES;
				CODE_SIGNING_REQUIRED = NO;
				COPY_PHASE_STRIP = YES;
				ENABLE_NS_ASSERTIONS = NO;
				GCC_C_LANGUAGE_STANDARD = gnu99;
				GCC_PREPROCESSOR_DEFINITIONS = (
					"POD_CONFIGURATION_RELEASE=1",
					"$(inherited)",
				);
				GCC_WARN_64_TO_32_BIT_CONVERSION = YES;
				GCC_WARN_ABOUT_RETURN_TYPE = YES;
				GCC_WARN_UNDECLARED_SELECTOR = YES;
				GCC_WARN_UNINITIALIZED_AUTOS = YES;
				GCC_WARN_UNUSED_FUNCTION = YES;
				GCC_WARN_UNUSED_VARIABLE = YES;
				IPHONEOS_DEPLOYMENT_TARGET = 9.0;
				PROVISIONING_PROFILE_SPECIFIER = NO_SIGNING/;
				STRIP_INSTALLED_PRODUCT = NO;
				SYMROOT = "${SRCROOT}/../build";
				VALIDATE_PRODUCT = YES;
			};
			name = Release;
		};
		F60ADF4F2930C54C9C980341C714FE3A /* Release */ = {
			isa = XCBuildConfiguration;
			baseConfigurationReference = 084ACC15DE6DC9747719DA60E044F54A /* GTMOAuth2.xcconfig */;
			buildSettings = {
				"CODE_SIGN_IDENTITY[sdk=appletvos*]" = "";
				"CODE_SIGN_IDENTITY[sdk=iphoneos*]" = "";
				"CODE_SIGN_IDENTITY[sdk=watchos*]" = "";
				DEBUG_INFORMATION_FORMAT = "dwarf-with-dsym";
				ENABLE_STRICT_OBJC_MSGSEND = YES;
				GCC_NO_COMMON_BLOCKS = YES;
				GCC_PREFIX_HEADER = "Target Support Files/GTMOAuth2/GTMOAuth2-prefix.pch";
				IPHONEOS_DEPLOYMENT_TARGET = 7.0;
				MTL_ENABLE_DEBUG_INFO = NO;
				OTHER_LDFLAGS = "";
				OTHER_LIBTOOLFLAGS = "";
				PRIVATE_HEADERS_FOLDER_PATH = "";
				PRODUCT_NAME = "$(TARGET_NAME)";
				PUBLIC_HEADERS_FOLDER_PATH = "";
				SDKROOT = iphoneos;
				SKIP_INSTALL = YES;
				SWIFT_VERSION = 3.0;
			};
			name = Release;
		};
/* End XCBuildConfiguration section */

/* Begin XCConfigurationList section */
		26AE791F404F3732C3335D0EFE25E20A /* Build configuration list for PBXNativeTarget "GoogleToolboxForMac" */ = {
			isa = XCConfigurationList;
			buildConfigurations = (
				3E15E1221F5F51D737D557DF33F26CE7 /* Debug */,
				2F5F5B61233D182FE923F37462D6E73B /* Release */,
			);
			defaultConfigurationIsVisible = 0;
			defaultConfigurationName = Release;
		};
		2D8E8EC45A3A1A1D94AE762CB5028504 /* Build configuration list for PBXProject "Pods" */ = {
			isa = XCConfigurationList;
			buildConfigurations = (
				59B042A655B7C20CBAB90E385BF4E4C7 /* Debug */,
				B7324857C38B065FEB1EEE3105C2367A /* Release */,
			);
			defaultConfigurationIsVisible = 0;
			defaultConfigurationName = Release;
		};
		301A37506679E1E21B81956F3EBB21CC /* Build configuration list for PBXNativeTarget "GTMOAuth2" */ = {
			isa = XCConfigurationList;
			buildConfigurations = (
				27F154FCCF947C43170BBCE71ADFE243 /* Debug */,
				F60ADF4F2930C54C9C980341C714FE3A /* Release */,
			);
			defaultConfigurationIsVisible = 0;
			defaultConfigurationName = Release;
		};
		DD27789B6A6CE3657E33E9F30E2FC4F4 /* Build configuration list for PBXNativeTarget "GTMSessionFetcher" */ = {
			isa = XCConfigurationList;
			buildConfigurations = (
				1C00232A786F6E8087BFD591FC2FFBE0 /* Debug */,
				37B531A72819279C11296F8965D836EB /* Release */,
			);
			defaultConfigurationIsVisible = 0;
			defaultConfigurationName = Release;
		};
		E8C58DC6BA9F1B179039C33033848F74 /* Build configuration list for PBXNativeTarget "Pods-MY TUTOR" */ = {
			isa = XCConfigurationList;
			buildConfigurations = (
				3EA8BDE04564F4CB9253EB616B5FD24C /* Debug */,
				5C3320E2291698C0898F988CD7FA9987 /* Release */,
			);
			defaultConfigurationIsVisible = 0;
			defaultConfigurationName = Release;
		};
/* End XCConfigurationList section */
	};
	rootObject = D41D8CD98F00B204E9800998ECF8427E /* Project object */;
}
