// !$*UTF8*$!
{
	archiveVersion = 1;
	classes = {
	};
	objectVersion = 46;
	objects = {

/* Begin PBXBuildFile section */
		63868F1F1DAD8F6700F7F427 /* AppDelegate.swift in Sources */ = {isa = PBXBuildFile; fileRef = 63868F1E1DAD8F6700F7F427 /* AppDelegate.swift */; };
		63868F211DAD8F6700F7F427 /* ViewController.swift in Sources */ = {isa = PBXBuildFile; fileRef = 63868F201DAD8F6700F7F427 /* ViewController.swift */; };
		63868F241DAD8F6700F7F427 /* Main.storyboard in Resources */ = {isa = PBXBuildFile; fileRef = 63868F221DAD8F6700F7F427 /* Main.storyboard */; };
		63868F261DAD8F6700F7F427 /* Assets.xcassets in Resources */ = {isa = PBXBuildFile; fileRef = 63868F251DAD8F6700F7F427 /* Assets.xcassets */; };
		63868F291DAD8F6700F7F427 /* LaunchScreen.storyboard in Resources */ = {isa = PBXBuildFile; fileRef = 63868F271DAD8F6700F7F427 /* LaunchScreen.storyboard */; };
		63868F341DAD8F6800F7F427 /* MyTutorTests.swift in Sources */ = {isa = PBXBuildFile; fileRef = 63868F331DAD8F6800F7F427 /* MyTutorTests.swift */; };
		63868F3F1DAD8F6800F7F427 /* MyTutorUITests.swift in Sources */ = {isa = PBXBuildFile; fileRef = 63868F3E1DAD8F6800F7F427 /* MyTutorUITests.swift */; };
		639082CF1DDE533D008C4CFA /* GoogleService-Info.plist in Resources */ = {isa = PBXBuildFile; fileRef = 639082CE1DDE533D008C4CFA /* GoogleService-Info.plist */; };
		639082D01DDE533D008C4CFA /* GoogleService-Info.plist in Resources */ = {isa = PBXBuildFile; fileRef = 639082CE1DDE533D008C4CFA /* GoogleService-Info.plist */; };
		639082D11DDE533D008C4CFA /* GoogleService-Info.plist in Resources */ = {isa = PBXBuildFile; fileRef = 639082CE1DDE533D008C4CFA /* GoogleService-Info.plist */; };
		A15689D23FBEFB70CDC1C5FE /* Pods_MyTutorTests.framework in Frameworks */ = {isa = PBXBuildFile; fileRef = 3A9722E6FF7CBC768B4C4CFB /* Pods_MyTutorTests.framework */; };
		BF927096D58DE53B3D31CB13 /* Pods_MyTutorUITests.framework in Frameworks */ = {isa = PBXBuildFile; fileRef = DFBA23E8AF289C93333A765D /* Pods_MyTutorUITests.framework */; };
		EF6A808DBB124CA6330C543E /* Pods_MyTutor.framework in Frameworks */ = {isa = PBXBuildFile; fileRef = FD756BCDE029811BA8472D61 /* Pods_MyTutor.framework */; };
/* End PBXBuildFile section */

/* Begin PBXContainerItemProxy section */
		63868F301DAD8F6800F7F427 /* PBXContainerItemProxy */ = {
			isa = PBXContainerItemProxy;
			containerPortal = 63868F131DAD8F6700F7F427 /* Project object */;
			proxyType = 1;
			remoteGlobalIDString = 63868F1A1DAD8F6700F7F427;
			remoteInfo = MyTutor;
		};
		63868F3B1DAD8F6800F7F427 /* PBXContainerItemProxy */ = {
			isa = PBXContainerItemProxy;
			containerPortal = 63868F131DAD8F6700F7F427 /* Project object */;
			proxyType = 1;
			remoteGlobalIDString = 63868F1A1DAD8F6700F7F427;
			remoteInfo = MyTutor;
		};
/* End PBXContainerItemProxy section */

/* Begin PBXFileReference section */
		0761C35E8E4FB76F0BEC7F0B /* Pods-MyTutorUITests.debug.xcconfig */ = {isa = PBXFileReference; includeInIndex = 1; lastKnownFileType = text.xcconfig; name = "Pods-MyTutorUITests.debug.xcconfig"; path = "Pods/Target Support Files/Pods-MyTutorUITests/Pods-MyTutorUITests.debug.xcconfig"; sourceTree = "<group>"; };
		3A9722E6FF7CBC768B4C4CFB /* Pods_MyTutorTests.framework */ = {isa = PBXFileReference; explicitFileType = wrapper.framework; includeInIndex = 0; path = Pods_MyTutorTests.framework; sourceTree = BUILT_PRODUCTS_DIR; };
		44E92DCF64770149C9E4C009 /* Pods-MyTutor.release.xcconfig */ = {isa = PBXFileReference; includeInIndex = 1; lastKnownFileType = text.xcconfig; name = "Pods-MyTutor.release.xcconfig"; path = "Pods/Target Support Files/Pods-MyTutor/Pods-MyTutor.release.xcconfig"; sourceTree = "<group>"; };
		4AE776BA631C93C7DBA715B3 /* Pods-MyTutorUITests.release.xcconfig */ = {isa = PBXFileReference; includeInIndex = 1; lastKnownFileType = text.xcconfig; name = "Pods-MyTutorUITests.release.xcconfig"; path = "Pods/Target Support Files/Pods-MyTutorUITests/Pods-MyTutorUITests.release.xcconfig"; sourceTree = "<group>"; };
		63868F1B1DAD8F6700F7F427 /* MyTutor.app */ = {isa = PBXFileReference; explicitFileType = wrapper.application; includeInIndex = 0; path = MyTutor.app; sourceTree = BUILT_PRODUCTS_DIR; };
		63868F1E1DAD8F6700F7F427 /* AppDelegate.swift */ = {isa = PBXFileReference; lastKnownFileType = sourcecode.swift; path = AppDelegate.swift; sourceTree = "<group>"; };
		63868F201DAD8F6700F7F427 /* ViewController.swift */ = {isa = PBXFileReference; lastKnownFileType = sourcecode.swift; path = ViewController.swift; sourceTree = "<group>"; };
		63868F231DAD8F6700F7F427 /* Base */ = {isa = PBXFileReference; lastKnownFileType = file.storyboard; name = Base; path = Base.lproj/Main.storyboard; sourceTree = "<group>"; };
		63868F251DAD8F6700F7F427 /* Assets.xcassets */ = {isa = PBXFileReference; lastKnownFileType = folder.assetcatalog; path = Assets.xcassets; sourceTree = "<group>"; };
		63868F281DAD8F6700F7F427 /* Base */ = {isa = PBXFileReference; lastKnownFileType = file.storyboard; name = Base; path = Base.lproj/LaunchScreen.storyboard; sourceTree = "<group>"; };
		63868F2A1DAD8F6700F7F427 /* Info.plist */ = {isa = PBXFileReference; lastKnownFileType = text.plist.xml; path = Info.plist; sourceTree = "<group>"; };
		63868F2F1DAD8F6800F7F427 /* MyTutorTests.xctest */ = {isa = PBXFileReference; explicitFileType = wrapper.cfbundle; includeInIndex = 0; path = MyTutorTests.xctest; sourceTree = BUILT_PRODUCTS_DIR; };
		63868F331DAD8F6800F7F427 /* MyTutorTests.swift */ = {isa = PBXFileReference; lastKnownFileType = sourcecode.swift; path = MyTutorTests.swift; sourceTree = "<group>"; };
		63868F351DAD8F6800F7F427 /* Info.plist */ = {isa = PBXFileReference; lastKnownFileType = text.plist.xml; path = Info.plist; sourceTree = "<group>"; };
		63868F3A1DAD8F6800F7F427 /* MyTutorUITests.xctest */ = {isa = PBXFileReference; explicitFileType = wrapper.cfbundle; includeInIndex = 0; path = MyTutorUITests.xctest; sourceTree = BUILT_PRODUCTS_DIR; };
		63868F3E1DAD8F6800F7F427 /* MyTutorUITests.swift */ = {isa = PBXFileReference; lastKnownFileType = sourcecode.swift; path = MyTutorUITests.swift; sourceTree = "<group>"; };
		63868F401DAD8F6800F7F427 /* Info.plist */ = {isa = PBXFileReference; lastKnownFileType = text.plist.xml; path = Info.plist; sourceTree = "<group>"; };
		639082CE1DDE533D008C4CFA /* GoogleService-Info.plist */ = {isa = PBXFileReference; fileEncoding = 4; lastKnownFileType = text.plist.xml; path = "GoogleService-Info.plist"; sourceTree = "<group>"; };
		A0DAC2D582EC4E0095FE6EB0 /* Pods-MyTutorTests.debug.xcconfig */ = {isa = PBXFileReference; includeInIndex = 1; lastKnownFileType = text.xcconfig; name = "Pods-MyTutorTests.debug.xcconfig"; path = "Pods/Target Support Files/Pods-MyTutorTests/Pods-MyTutorTests.debug.xcconfig"; sourceTree = "<group>"; };
		AB3F111648E8535F69181C65 /* Pods-MyTutorTests.release.xcconfig */ = {isa = PBXFileReference; includeInIndex = 1; lastKnownFileType = text.xcconfig; name = "Pods-MyTutorTests.release.xcconfig"; path = "Pods/Target Support Files/Pods-MyTutorTests/Pods-MyTutorTests.release.xcconfig"; sourceTree = "<group>"; };
		CB79AC511922A73B7171899B /* Pods-MyTutor.debug.xcconfig */ = {isa = PBXFileReference; includeInIndex = 1; lastKnownFileType = text.xcconfig; name = "Pods-MyTutor.debug.xcconfig"; path = "Pods/Target Support Files/Pods-MyTutor/Pods-MyTutor.debug.xcconfig"; sourceTree = "<group>"; };
		DFBA23E8AF289C93333A765D /* Pods_MyTutorUITests.framework */ = {isa = PBXFileReference; explicitFileType = wrapper.framework; includeInIndex = 0; path = Pods_MyTutorUITests.framework; sourceTree = BUILT_PRODUCTS_DIR; };
		FD756BCDE029811BA8472D61 /* Pods_MyTutor.framework */ = {isa = PBXFileReference; explicitFileType = wrapper.framework; includeInIndex = 0; path = Pods_MyTutor.framework; sourceTree = BUILT_PRODUCTS_DIR; };
/* End PBXFileReference section */

/* Begin PBXFrameworksBuildPhase section */
		63868F181DAD8F6700F7F427 /* Frameworks */ = {
			isa = PBXFrameworksBuildPhase;
			buildActionMask = 2147483647;
			files = (
				EF6A808DBB124CA6330C543E /* Pods_MyTutor.framework in Frameworks */,
			);
			runOnlyForDeploymentPostprocessing = 0;
		};
		63868F2C1DAD8F6800F7F427 /* Frameworks */ = {
			isa = PBXFrameworksBuildPhase;
			buildActionMask = 2147483647;
			files = (
				A15689D23FBEFB70CDC1C5FE /* Pods_MyTutorTests.framework in Frameworks */,
			);
			runOnlyForDeploymentPostprocessing = 0;
		};
		63868F371DAD8F6800F7F427 /* Frameworks */ = {
			isa = PBXFrameworksBuildPhase;
			buildActionMask = 2147483647;
			files = (
				BF927096D58DE53B3D31CB13 /* Pods_MyTutorUITests.framework in Frameworks */,
			);
			runOnlyForDeploymentPostprocessing = 0;
		};
/* End PBXFrameworksBuildPhase section */

/* Begin PBXGroup section */
		63868F121DAD8F6700F7F427 = {
			isa = PBXGroup;
			children = (
				63868F1D1DAD8F6700F7F427 /* MyTutor */,
				63868F321DAD8F6800F7F427 /* MyTutorTests */,
				63868F3D1DAD8F6800F7F427 /* MyTutorUITests */,
				63868F1C1DAD8F6700F7F427 /* Products */,
				63A913E7A6ABCEBB543D9688 /* Pods */,
				A42DDE7EA20DC657CAD2ACB3 /* Frameworks */,
			);
			sourceTree = "<group>";
		};
		63868F1C1DAD8F6700F7F427 /* Products */ = {
			isa = PBXGroup;
			children = (
				63868F1B1DAD8F6700F7F427 /* MyTutor.app */,
				63868F2F1DAD8F6800F7F427 /* MyTutorTests.xctest */,
				63868F3A1DAD8F6800F7F427 /* MyTutorUITests.xctest */,
			);
			name = Products;
			sourceTree = "<group>";
		};
		63868F1D1DAD8F6700F7F427 /* MyTutor */ = {
			isa = PBXGroup;
			children = (
				63868F1E1DAD8F6700F7F427 /* AppDelegate.swift */,
				63868F201DAD8F6700F7F427 /* ViewController.swift */,
				63868F221DAD8F6700F7F427 /* Main.storyboard */,
				63868F251DAD8F6700F7F427 /* Assets.xcassets */,
				63868F271DAD8F6700F7F427 /* LaunchScreen.storyboard */,
				63868F2A1DAD8F6700F7F427 /* Info.plist */,
				639082CE1DDE533D008C4CFA /* GoogleService-Info.plist */,
			);
			path = MyTutor;
			sourceTree = "<group>";
		};
		63868F321DAD8F6800F7F427 /* MyTutorTests */ = {
			isa = PBXGroup;
			children = (
				63868F331DAD8F6800F7F427 /* MyTutorTests.swift */,
				63868F351DAD8F6800F7F427 /* Info.plist */,
			);
			path = MyTutorTests;
			sourceTree = "<group>";
		};
		63868F3D1DAD8F6800F7F427 /* MyTutorUITests */ = {
			isa = PBXGroup;
			children = (
				63868F3E1DAD8F6800F7F427 /* MyTutorUITests.swift */,
				63868F401DAD8F6800F7F427 /* Info.plist */,
			);
			path = MyTutorUITests;
			sourceTree = "<group>";
		};
		63A913E7A6ABCEBB543D9688 /* Pods */ = {
			isa = PBXGroup;
			children = (
				CB79AC511922A73B7171899B /* Pods-MyTutor.debug.xcconfig */,
				44E92DCF64770149C9E4C009 /* Pods-MyTutor.release.xcconfig */,
				A0DAC2D582EC4E0095FE6EB0 /* Pods-MyTutorTests.debug.xcconfig */,
				AB3F111648E8535F69181C65 /* Pods-MyTutorTests.release.xcconfig */,
				0761C35E8E4FB76F0BEC7F0B /* Pods-MyTutorUITests.debug.xcconfig */,
				4AE776BA631C93C7DBA715B3 /* Pods-MyTutorUITests.release.xcconfig */,
			);
			name = Pods;
			sourceTree = "<group>";
		};
		A42DDE7EA20DC657CAD2ACB3 /* Frameworks */ = {
			isa = PBXGroup;
			children = (
				FD756BCDE029811BA8472D61 /* Pods_MyTutor.framework */,
				3A9722E6FF7CBC768B4C4CFB /* Pods_MyTutorTests.framework */,
				DFBA23E8AF289C93333A765D /* Pods_MyTutorUITests.framework */,
			);
			name = Frameworks;
			sourceTree = "<group>";
		};
/* End PBXGroup section */

/* Begin PBXNativeTarget section */
		63868F1A1DAD8F6700F7F427 /* MyTutor */ = {
			isa = PBXNativeTarget;
			buildConfigurationList = 63868F431DAD8F6800F7F427 /* Build configuration list for PBXNativeTarget "MyTutor" */;
			buildPhases = (
				5A99F1A4B6C8E1FEA80FDDC3 /* [CP] Check Pods Manifest.lock */,
				63868F171DAD8F6700F7F427 /* Sources */,
				63868F181DAD8F6700F7F427 /* Frameworks */,
				63868F191DAD8F6700F7F427 /* Resources */,
				76AE721BBD3572745B6CF400 /* [CP] Embed Pods Frameworks */,
				460D1F2F333E0B4C71241CB8 /* [CP] Copy Pods Resources */,
			);
			buildRules = (
			);
			dependencies = (
			);
			name = MyTutor;
			productName = MyTutor;
			productReference = 63868F1B1DAD8F6700F7F427 /* MyTutor.app */;
			productType = "com.apple.product-type.application";
		};
		63868F2E1DAD8F6800F7F427 /* MyTutorTests */ = {
			isa = PBXNativeTarget;
			buildConfigurationList = 63868F461DAD8F6800F7F427 /* Build configuration list for PBXNativeTarget "MyTutorTests" */;
			buildPhases = (
				653DBB147DEA4B42688C0281 /* [CP] Check Pods Manifest.lock */,
				63868F2B1DAD8F6800F7F427 /* Sources */,
				63868F2C1DAD8F6800F7F427 /* Frameworks */,
				63868F2D1DAD8F6800F7F427 /* Resources */,
				0E6019100CE6919EC7FE5438 /* [CP] Embed Pods Frameworks */,
				C0F3BA3C6AB4A65A1E0F391E /* [CP] Copy Pods Resources */,
			);
			buildRules = (
			);
			dependencies = (
				63868F311DAD8F6800F7F427 /* PBXTargetDependency */,
			);
			name = MyTutorTests;
			productName = MyTutorTests;
			productReference = 63868F2F1DAD8F6800F7F427 /* MyTutorTests.xctest */;
			productType = "com.apple.product-type.bundle.unit-test";
		};
		63868F391DAD8F6800F7F427 /* MyTutorUITests */ = {
			isa = PBXNativeTarget;
			buildConfigurationList = 63868F491DAD8F6800F7F427 /* Build configuration list for PBXNativeTarget "MyTutorUITests" */;
			buildPhases = (
				F328F9F4DBC351AB6E976CB7 /* [CP] Check Pods Manifest.lock */,
				63868F361DAD8F6800F7F427 /* Sources */,
				63868F371DAD8F6800F7F427 /* Frameworks */,
				63868F381DAD8F6800F7F427 /* Resources */,
				28D8E57220B35189A3EBC733 /* [CP] Embed Pods Frameworks */,
				9FC8B9BC8FEBB9F2A13EE40E /* [CP] Copy Pods Resources */,
			);
			buildRules = (
			);
			dependencies = (
				63868F3C1DAD8F6800F7F427 /* PBXTargetDependency */,
			);
			name = MyTutorUITests;
			productName = MyTutorUITests;
			productReference = 63868F3A1DAD8F6800F7F427 /* MyTutorUITests.xctest */;
			productType = "com.apple.product-type.bundle.ui-testing";
		};
/* End PBXNativeTarget section */

/* Begin PBXProject section */
		63868F131DAD8F6700F7F427 /* Project object */ = {
			isa = PBXProject;
			attributes = {
				LastSwiftUpdateCheck = 0800;
				LastUpgradeCheck = 0800;
				ORGANIZATIONNAME = "CMPE131-14";
				TargetAttributes = {
					63868F1A1DAD8F6700F7F427 = {
						CreatedOnToolsVersion = 8.0;
						DevelopmentTeam = AW7A32ZSA5;
						ProvisioningStyle = Automatic;
					};
					63868F2E1DAD8F6800F7F427 = {
						CreatedOnToolsVersion = 8.0;
						DevelopmentTeam = AW7A32ZSA5;
						ProvisioningStyle = Automatic;
						TestTargetID = 63868F1A1DAD8F6700F7F427;
					};
					63868F391DAD8F6800F7F427 = {
						CreatedOnToolsVersion = 8.0;
						DevelopmentTeam = AW7A32ZSA5;
						ProvisioningStyle = Automatic;
						TestTargetID = 63868F1A1DAD8F6700F7F427;
					};
				};
			};
			buildConfigurationList = 63868F161DAD8F6700F7F427 /* Build configuration list for PBXProject "MyTutor" */;
			compatibilityVersion = "Xcode 3.2";
			developmentRegion = English;
			hasScannedForEncodings = 0;
			knownRegions = (
				en,
				Base,
			);
			mainGroup = 63868F121DAD8F6700F7F427;
			productRefGroup = 63868F1C1DAD8F6700F7F427 /* Products */;
			projectDirPath = "";
			projectRoot = "";
			targets = (
				63868F1A1DAD8F6700F7F427 /* MyTutor */,
				63868F2E1DAD8F6800F7F427 /* MyTutorTests */,
				63868F391DAD8F6800F7F427 /* MyTutorUITests */,
			);
		};
/* End PBXProject section */

/* Begin PBXResourcesBuildPhase section */
		63868F191DAD8F6700F7F427 /* Resources */ = {
			isa = PBXResourcesBuildPhase;
			buildActionMask = 2147483647;
			files = (
				63868F291DAD8F6700F7F427 /* LaunchScreen.storyboard in Resources */,
				639082CF1DDE533D008C4CFA /* GoogleService-Info.plist in Resources */,
				63868F261DAD8F6700F7F427 /* Assets.xcassets in Resources */,
				63868F241DAD8F6700F7F427 /* Main.storyboard in Resources */,
			);
			runOnlyForDeploymentPostprocessing = 0;
		};
		63868F2D1DAD8F6800F7F427 /* Resources */ = {
			isa = PBXResourcesBuildPhase;
			buildActionMask = 2147483647;
			files = (
				639082D01DDE533D008C4CFA /* GoogleService-Info.plist in Resources */,
			);
			runOnlyForDeploymentPostprocessing = 0;
		};
		63868F381DAD8F6800F7F427 /* Resources */ = {
			isa = PBXResourcesBuildPhase;
			buildActionMask = 2147483647;
			files = (
				639082D11DDE533D008C4CFA /* GoogleService-Info.plist in Resources */,
			);
			runOnlyForDeploymentPostprocessing = 0;
		};
/* End PBXResourcesBuildPhase section */

/* Begin PBXShellScriptBuildPhase section */
		0E6019100CE6919EC7FE5438 /* [CP] Embed Pods Frameworks */ = {
			isa = PBXShellScriptBuildPhase;
			buildActionMask = 2147483647;
			files = (
			);
			inputPaths = (
			);
			name = "[CP] Embed Pods Frameworks";
			outputPaths = (
			);
			runOnlyForDeploymentPostprocessing = 0;
			shellPath = /bin/sh;
			shellScript = "\"${SRCROOT}/Pods/Target Support Files/Pods-MyTutorTests/Pods-MyTutorTests-frameworks.sh\"\n";
			showEnvVarsInLog = 0;
		};
		28D8E57220B35189A3EBC733 /* [CP] Embed Pods Frameworks */ = {
			isa = PBXShellScriptBuildPhase;
			buildActionMask = 2147483647;
			files = (
			);
			inputPaths = (
			);
			name = "[CP] Embed Pods Frameworks";
			outputPaths = (
			);
			runOnlyForDeploymentPostprocessing = 0;
			shellPath = /bin/sh;
			shellScript = "\"${SRCROOT}/Pods/Target Support Files/Pods-MyTutorUITests/Pods-MyTutorUITests-frameworks.sh\"\n";
			showEnvVarsInLog = 0;
		};
		460D1F2F333E0B4C71241CB8 /* [CP] Copy Pods Resources */ = {
			isa = PBXShellScriptBuildPhase;
			buildActionMask = 2147483647;
			files = (
			);
			inputPaths = (
			);
			name = "[CP] Copy Pods Resources";
			outputPaths = (
			);
			runOnlyForDeploymentPostprocessing = 0;
			shellPath = /bin/sh;
			shellScript = "\"${SRCROOT}/Pods/Target Support Files/Pods-MyTutor/Pods-MyTutor-resources.sh\"\n";
			showEnvVarsInLog = 0;
		};
		5A99F1A4B6C8E1FEA80FDDC3 /* [CP] Check Pods Manifest.lock */ = {
			isa = PBXShellScriptBuildPhase;
			buildActionMask = 2147483647;
			files = (
			);
			inputPaths = (
			);
			name = "[CP] Check Pods Manifest.lock";
			outputPaths = (
			);
			runOnlyForDeploymentPostprocessing = 0;
			shellPath = /bin/sh;
			shellScript = "diff \"${PODS_ROOT}/../Podfile.lock\" \"${PODS_ROOT}/Manifest.lock\" > /dev/null\nif [ $? != 0 ] ; then\n    # print error to STDERR\n    echo \"error: The sandbox is not in sync with the Podfile.lock. Run 'pod install' or update your CocoaPods installation.\" >&2\n    exit 1\nfi\n";
			showEnvVarsInLog = 0;
		};
		653DBB147DEA4B42688C0281 /* [CP] Check Pods Manifest.lock */ = {
			isa = PBXShellScriptBuildPhase;
			buildActionMask = 2147483647;
			files = (
			);
			inputPaths = (
			);
			name = "[CP] Check Pods Manifest.lock";
			outputPaths = (
			);
			runOnlyForDeploymentPostprocessing = 0;
			shellPath = /bin/sh;
			shellScript = "diff \"${PODS_ROOT}/../Podfile.lock\" \"${PODS_ROOT}/Manifest.lock\" > /dev/null\nif [ $? != 0 ] ; then\n    # print error to STDERR\n    echo \"error: The sandbox is not in sync with the Podfile.lock. Run 'pod install' or update your CocoaPods installation.\" >&2\n    exit 1\nfi\n";
			showEnvVarsInLog = 0;
		};
		76AE721BBD3572745B6CF400 /* [CP] Embed Pods Frameworks */ = {
			isa = PBXShellScriptBuildPhase;
			buildActionMask = 2147483647;
			files = (
			);
			inputPaths = (
			);
			name = "[CP] Embed Pods Frameworks";
			outputPaths = (
			);
			runOnlyForDeploymentPostprocessing = 0;
			shellPath = /bin/sh;
			shellScript = "\"${SRCROOT}/Pods/Target Support Files/Pods-MyTutor/Pods-MyTutor-frameworks.sh\"\n";
			showEnvVarsInLog = 0;
		};
		9FC8B9BC8FEBB9F2A13EE40E /* [CP] Copy Pods Resources */ = {
			isa = PBXShellScriptBuildPhase;
			buildActionMask = 2147483647;
			files = (
			);
			inputPaths = (
			);
			name = "[CP] Copy Pods Resources";
			outputPaths = (
			);
			runOnlyForDeploymentPostprocessing = 0;
			shellPath = /bin/sh;
			shellScript = "\"${SRCROOT}/Pods/Target Support Files/Pods-MyTutorUITests/Pods-MyTutorUITests-resources.sh\"\n";
			showEnvVarsInLog = 0;
		};
		C0F3BA3C6AB4A65A1E0F391E /* [CP] Copy Pods Resources */ = {
			isa = PBXShellScriptBuildPhase;
			buildActionMask = 2147483647;
			files = (
			);
			inputPaths = (
			);
			name = "[CP] Copy Pods Resources";
			outputPaths = (
			);
			runOnlyForDeploymentPostprocessing = 0;
			shellPath = /bin/sh;
			shellScript = "\"${SRCROOT}/Pods/Target Support Files/Pods-MyTutorTests/Pods-MyTutorTests-resources.sh\"\n";
			showEnvVarsInLog = 0;
		};
		F328F9F4DBC351AB6E976CB7 /* [CP] Check Pods Manifest.lock */ = {
			isa = PBXShellScriptBuildPhase;
			buildActionMask = 2147483647;
			files = (
			);
			inputPaths = (
			);
			name = "[CP] Check Pods Manifest.lock";
			outputPaths = (
			);
			runOnlyForDeploymentPostprocessing = 0;
			shellPath = /bin/sh;
			shellScript = "diff \"${PODS_ROOT}/../Podfile.lock\" \"${PODS_ROOT}/Manifest.lock\" > /dev/null\nif [ $? != 0 ] ; then\n    # print error to STDERR\n    echo \"error: The sandbox is not in sync with the Podfile.lock. Run 'pod install' or update your CocoaPods installation.\" >&2\n    exit 1\nfi\n";
			showEnvVarsInLog = 0;
		};
/* End PBXShellScriptBuildPhase section */

/* Begin PBXSourcesBuildPhase section */
		63868F171DAD8F6700F7F427 /* Sources */ = {
			isa = PBXSourcesBuildPhase;
			buildActionMask = 2147483647;
			files = (
				63868F211DAD8F6700F7F427 /* ViewController.swift in Sources */,
				63868F1F1DAD8F6700F7F427 /* AppDelegate.swift in Sources */,
			);
			runOnlyForDeploymentPostprocessing = 0;
		};
		63868F2B1DAD8F6800F7F427 /* Sources */ = {
			isa = PBXSourcesBuildPhase;
			buildActionMask = 2147483647;
			files = (
				63868F341DAD8F6800F7F427 /* MyTutorTests.swift in Sources */,
			);
			runOnlyForDeploymentPostprocessing = 0;
		};
		63868F361DAD8F6800F7F427 /* Sources */ = {
			isa = PBXSourcesBuildPhase;
			buildActionMask = 2147483647;
			files = (
				63868F3F1DAD8F6800F7F427 /* MyTutorUITests.swift in Sources */,
			);
			runOnlyForDeploymentPostprocessing = 0;
		};
/* End PBXSourcesBuildPhase section */

/* Begin PBXTargetDependency section */
		63868F311DAD8F6800F7F427 /* PBXTargetDependency */ = {
			isa = PBXTargetDependency;
			target = 63868F1A1DAD8F6700F7F427 /* MyTutor */;
			targetProxy = 63868F301DAD8F6800F7F427 /* PBXContainerItemProxy */;
		};
		63868F3C1DAD8F6800F7F427 /* PBXTargetDependency */ = {
			isa = PBXTargetDependency;
			target = 63868F1A1DAD8F6700F7F427 /* MyTutor */;
			targetProxy = 63868F3B1DAD8F6800F7F427 /* PBXContainerItemProxy */;
		};
/* End PBXTargetDependency section */

/* Begin PBXVariantGroup section */
		63868F221DAD8F6700F7F427 /* Main.storyboard */ = {
			isa = PBXVariantGroup;
			children = (
				63868F231DAD8F6700F7F427 /* Base */,
			);
			name = Main.storyboard;
			sourceTree = "<group>";
		};
		63868F271DAD8F6700F7F427 /* LaunchScreen.storyboard */ = {
			isa = PBXVariantGroup;
			children = (
				63868F281DAD8F6700F7F427 /* Base */,
			);
			name = LaunchScreen.storyboard;
			sourceTree = "<group>";
		};
/* End PBXVariantGroup section */

/* Begin XCBuildConfiguration section */
		63868F411DAD8F6800F7F427 /* Debug */ = {
			isa = XCBuildConfiguration;
			buildSettings = {
				ALWAYS_SEARCH_USER_PATHS = NO;
				CLANG_ANALYZER_NONNULL = YES;
				CLANG_CXX_LANGUAGE_STANDARD = "gnu++0x";
				CLANG_CXX_LIBRARY = "libc++";
				CLANG_ENABLE_MODULES = YES;
				CLANG_ENABLE_OBJC_ARC = YES;
				CLANG_WARN_BOOL_CONVERSION = YES;
				CLANG_WARN_CONSTANT_CONVERSION = YES;
				CLANG_WARN_DIRECT_OBJC_ISA_USAGE = YES_ERROR;
				CLANG_WARN_DOCUMENTATION_COMMENTS = YES;
				CLANG_WARN_EMPTY_BODY = YES;
				CLANG_WARN_ENUM_CONVERSION = YES;
				CLANG_WARN_INFINITE_RECURSION = YES;
				CLANG_WARN_INT_CONVERSION = YES;
				CLANG_WARN_OBJC_ROOT_CLASS = YES_ERROR;
				CLANG_WARN_SUSPICIOUS_MOVES = YES;
				CLANG_WARN_UNREACHABLE_CODE = YES;
				CLANG_WARN__DUPLICATE_METHOD_MATCH = YES;
				"CODE_SIGN_IDENTITY[sdk=iphoneos*]" = "iPhone Developer";
				COPY_PHASE_STRIP = NO;
				DEBUG_INFORMATION_FORMAT = dwarf;
				ENABLE_STRICT_OBJC_MSGSEND = YES;
				ENABLE_TESTABILITY = YES;
				GCC_C_LANGUAGE_STANDARD = gnu99;
				GCC_DYNAMIC_NO_PIC = NO;
				GCC_NO_COMMON_BLOCKS = YES;
				GCC_OPTIMIZATION_LEVEL = 0;
				GCC_PREPROCESSOR_DEFINITIONS = (
					"DEBUG=1",
					"$(inherited)",
				);
				GCC_WARN_64_TO_32_BIT_CONVERSION = YES;
				GCC_WARN_ABOUT_RETURN_TYPE = YES_ERROR;
				GCC_WARN_UNDECLARED_SELECTOR = YES;
				GCC_WARN_UNINITIALIZED_AUTOS = YES_AGGRESSIVE;
				GCC_WARN_UNUSED_FUNCTION = YES;
				GCC_WARN_UNUSED_VARIABLE = YES;
				IPHONEOS_DEPLOYMENT_TARGET = 10.0;
				MTL_ENABLE_DEBUG_INFO = YES;
				ONLY_ACTIVE_ARCH = YES;
				SDKROOT = iphoneos;
				SWIFT_ACTIVE_COMPILATION_CONDITIONS = DEBUG;
				SWIFT_OPTIMIZATION_LEVEL = "-Onone";
				TARGETED_DEVICE_FAMILY = "1,2";
			};
			name = Debug;
		};
		63868F421DAD8F6800F7F427 /* Release */ = {
			isa = XCBuildConfiguration;
			buildSettings = {
				ALWAYS_SEARCH_USER_PATHS = NO;
				CLANG_ANALYZER_NONNULL = YES;
				CLANG_CXX_LANGUAGE_STANDARD = "gnu++0x";
				CLANG_CXX_LIBRARY = "libc++";
				CLANG_ENABLE_MODULES = YES;
				CLANG_ENABLE_OBJC_ARC = YES;
				CLANG_WARN_BOOL_CONVERSION = YES;
				CLANG_WARN_CONSTANT_CONVERSION = YES;
				CLANG_WARN_DIRECT_OBJC_ISA_USAGE = YES_ERROR;
				CLANG_WARN_DOCUMENTATION_COMMENTS = YES;
				CLANG_WARN_EMPTY_BODY = YES;
				CLANG_WARN_ENUM_CONVERSION = YES;
				CLANG_WARN_INFINITE_RECURSION = YES;
				CLANG_WARN_INT_CONVERSION = YES;
				CLANG_WARN_OBJC_ROOT_CLASS = YES_ERROR;
				CLANG_WARN_SUSPICIOUS_MOVES = YES;
				CLANG_WARN_UNREACHABLE_CODE = YES;
				CLANG_WARN__DUPLICATE_METHOD_MATCH = YES;
				"CODE_SIGN_IDENTITY[sdk=iphoneos*]" = "iPhone Developer";
				COPY_PHASE_STRIP = NO;
				DEBUG_INFORMATION_FORMAT = "dwarf-with-dsym";
				ENABLE_NS_ASSERTIONS = NO;
				ENABLE_STRICT_OBJC_MSGSEND = YES;
				GCC_C_LANGUAGE_STANDARD = gnu99;
				GCC_NO_COMMON_BLOCKS = YES;
				GCC_WARN_64_TO_32_BIT_CONVERSION = YES;
				GCC_WARN_ABOUT_RETURN_TYPE = YES_ERROR;
				GCC_WARN_UNDECLARED_SELECTOR = YES;
				GCC_WARN_UNINITIALIZED_AUTOS = YES_AGGRESSIVE;
				GCC_WARN_UNUSED_FUNCTION = YES;
				GCC_WARN_UNUSED_VARIABLE = YES;
				IPHONEOS_DEPLOYMENT_TARGET = 10.0;
				MTL_ENABLE_DEBUG_INFO = NO;
				SDKROOT = iphoneos;
				SWIFT_OPTIMIZATION_LEVEL = "-Owholemodule";
				TARGETED_DEVICE_FAMILY = "1,2";
				VALIDATE_PRODUCT = YES;
			};
			name = Release;
		};
		63868F441DAD8F6800F7F427 /* Debug */ = {
			isa = XCBuildConfiguration;
			baseConfigurationReference = CB79AC511922A73B7171899B /* Pods-MyTutor.debug.xcconfig */;
			buildSettings = {
				ASSETCATALOG_COMPILER_APPICON_NAME = AppIcon;
				DEVELOPMENT_TEAM = AW7A32ZSA5;
				INFOPLIST_FILE = MyTutor/Info.plist;
				LD_RUNPATH_SEARCH_PATHS = "$(inherited) @executable_path/Frameworks";
				PRODUCT_BUNDLE_IDENTIFIER = com.CMPE131.MyTutor;
				PRODUCT_NAME = "$(TARGET_NAME)";
				SWIFT_VERSION = 3.0;
			};
			name = Debug;
		};
		63868F451DAD8F6800F7F427 /* Release */ = {
			isa = XCBuildConfiguration;
			baseConfigurationReference = 44E92DCF64770149C9E4C009 /* Pods-MyTutor.release.xcconfig */;
			buildSettings = {
				ASSETCATALOG_COMPILER_APPICON_NAME = AppIcon;
				DEVELOPMENT_TEAM = AW7A32ZSA5;
				INFOPLIST_FILE = MyTutor/Info.plist;
				LD_RUNPATH_SEARCH_PATHS = "$(inherited) @executable_path/Frameworks";
				PRODUCT_BUNDLE_IDENTIFIER = com.CMPE131.MyTutor;
				PRODUCT_NAME = "$(TARGET_NAME)";
				SWIFT_VERSION = 3.0;
			};
			name = Release;
		};
		63868F471DAD8F6800F7F427 /* Debug */ = {
			isa = XCBuildConfiguration;
			baseConfigurationReference = A0DAC2D582EC4E0095FE6EB0 /* Pods-MyTutorTests.debug.xcconfig */;
			buildSettings = {
				ALWAYS_EMBED_SWIFT_STANDARD_LIBRARIES = YES;
				BUNDLE_LOADER = "$(TEST_HOST)";
				DEVELOPMENT_TEAM = AW7A32ZSA5;
				INFOPLIST_FILE = MyTutorTests/Info.plist;
				LD_RUNPATH_SEARCH_PATHS = "$(inherited) @executable_path/Frameworks @loader_path/Frameworks";
				PRODUCT_BUNDLE_IDENTIFIER = SJSU.MyTutorTests;
				PRODUCT_NAME = "$(TARGET_NAME)";
				SWIFT_VERSION = 3.0;
				TEST_HOST = "$(BUILT_PRODUCTS_DIR)/MyTutor.app/MyTutor";
			};
			name = Debug;
		};
		63868F481DAD8F6800F7F427 /* Release */ = {
			isa = XCBuildConfiguration;
			baseConfigurationReference = AB3F111648E8535F69181C65 /* Pods-MyTutorTests.release.xcconfig */;
			buildSettings = {
				ALWAYS_EMBED_SWIFT_STANDARD_LIBRARIES = YES;
				BUNDLE_LOADER = "$(TEST_HOST)";
				DEVELOPMENT_TEAM = AW7A32ZSA5;
				INFOPLIST_FILE = MyTutorTests/Info.plist;
				LD_RUNPATH_SEARCH_PATHS = "$(inherited) @executable_path/Frameworks @loader_path/Frameworks";
				PRODUCT_BUNDLE_IDENTIFIER = SJSU.MyTutorTests;
				PRODUCT_NAME = "$(TARGET_NAME)";
				SWIFT_VERSION = 3.0;
				TEST_HOST = "$(BUILT_PRODUCTS_DIR)/MyTutor.app/MyTutor";
			};
			name = Release;
		};
		63868F4A1DAD8F6800F7F427 /* Debug */ = {
			isa = XCBuildConfiguration;
			baseConfigurationReference = 0761C35E8E4FB76F0BEC7F0B /* Pods-MyTutorUITests.debug.xcconfig */;
			buildSettings = {
				ALWAYS_EMBED_SWIFT_STANDARD_LIBRARIES = YES;
				DEVELOPMENT_TEAM = AW7A32ZSA5;
				INFOPLIST_FILE = MyTutorUITests/Info.plist;
				LD_RUNPATH_SEARCH_PATHS = "$(inherited) @executable_path/Frameworks @loader_path/Frameworks";
				PRODUCT_BUNDLE_IDENTIFIER = SJSU.MyTutorUITests;
				PRODUCT_NAME = "$(TARGET_NAME)";
				SWIFT_VERSION = 3.0;
				TEST_TARGET_NAME = MyTutor;
			};
			name = Debug;
		};
		63868F4B1DAD8F6800F7F427 /* Release */ = {
			isa = XCBuildConfiguration;
			baseConfigurationReference = 4AE776BA631C93C7DBA715B3 /* Pods-MyTutorUITests.release.xcconfig */;
			buildSettings = {
				ALWAYS_EMBED_SWIFT_STANDARD_LIBRARIES = YES;
				DEVELOPMENT_TEAM = AW7A32ZSA5;
				INFOPLIST_FILE = MyTutorUITests/Info.plist;
				LD_RUNPATH_SEARCH_PATHS = "$(inherited) @executable_path/Frameworks @loader_path/Frameworks";
				PRODUCT_BUNDLE_IDENTIFIER = SJSU.MyTutorUITests;
				PRODUCT_NAME = "$(TARGET_NAME)";
				SWIFT_VERSION = 3.0;
				TEST_TARGET_NAME = MyTutor;
			};
			name = Release;
		};
/* End XCBuildConfiguration section */

/* Begin XCConfigurationList section */
		63868F161DAD8F6700F7F427 /* Build configuration list for PBXProject "MyTutor" */ = {
			isa = XCConfigurationList;
			buildConfigurations = (
				63868F411DAD8F6800F7F427 /* Debug */,
				63868F421DAD8F6800F7F427 /* Release */,
			);
			defaultConfigurationIsVisible = 0;
			defaultConfigurationName = Release;
		};
		63868F431DAD8F6800F7F427 /* Build configuration list for PBXNativeTarget "MyTutor" */ = {
			isa = XCConfigurationList;
			buildConfigurations = (
				63868F441DAD8F6800F7F427 /* Debug */,
				63868F451DAD8F6800F7F427 /* Release */,
			);
			defaultConfigurationIsVisible = 0;
			defaultConfigurationName = Release;
		};
		63868F461DAD8F6800F7F427 /* Build configuration list for PBXNativeTarget "MyTutorTests" */ = {
			isa = XCConfigurationList;
			buildConfigurations = (
				63868F471DAD8F6800F7F427 /* Debug */,
				63868F481DAD8F6800F7F427 /* Release */,
			);
			defaultConfigurationIsVisible = 0;
			defaultConfigurationName = Release;
		};
		63868F491DAD8F6800F7F427 /* Build configuration list for PBXNativeTarget "MyTutorUITests" */ = {
			isa = XCConfigurationList;
			buildConfigurations = (
				63868F4A1DAD8F6800F7F427 /* Debug */,
				63868F4B1DAD8F6800F7F427 /* Release */,
			);
			defaultConfigurationIsVisible = 0;
			defaultConfigurationName = Release;
		};
/* End XCConfigurationList section */
	};
	rootObject = 63868F131DAD8F6700F7F427 /* Project object */;
}
